// !$*UTF8*$!
{
	archiveVersion = 1;
	classes = {
	};
	objectVersion = 50;
	objects = {

/* Begin PBXBuildFile section */
		A44BB1F323B352CF00A25200 /* Helper.swift in Sources */ = {isa = PBXBuildFile; fileRef = A44BB1F223B352CF00A25200 /* Helper.swift */; };
		A44BB1F523B35B1A00A25200 /* DownloadService.swift in Sources */ = {isa = PBXBuildFile; fileRef = A44BB1F423B35B1A00A25200 /* DownloadService.swift */; };
		A474C68223B3076D00CBEEDB /* AppDelegate.swift in Sources */ = {isa = PBXBuildFile; fileRef = A474C68123B3076D00CBEEDB /* AppDelegate.swift */; };
		A474C68423B3076D00CBEEDB /* SceneDelegate.swift in Sources */ = {isa = PBXBuildFile; fileRef = A474C68323B3076D00CBEEDB /* SceneDelegate.swift */; };
		A474C68623B3076D00CBEEDB /* ViewController.swift in Sources */ = {isa = PBXBuildFile; fileRef = A474C68523B3076D00CBEEDB /* ViewController.swift */; };
		A474C68923B3076D00CBEEDB /* Main.storyboard in Resources */ = {isa = PBXBuildFile; fileRef = A474C68723B3076D00CBEEDB /* Main.storyboard */; };
		A474C68B23B3076E00CBEEDB /* Assets.xcassets in Resources */ = {isa = PBXBuildFile; fileRef = A474C68A23B3076E00CBEEDB /* Assets.xcassets */; };
		A474C68E23B3076E00CBEEDB /* LaunchScreen.storyboard in Resources */ = {isa = PBXBuildFile; fileRef = A474C68C23B3076E00CBEEDB /* LaunchScreen.storyboard */; };
		A474C69923B3090600CBEEDB /* Track.swift in Sources */ = {isa = PBXBuildFile; fileRef = A474C69823B3090600CBEEDB /* Track.swift */; };
		A474C69B23B30AB300CBEEDB /* QueryService.swift in Sources */ = {isa = PBXBuildFile; fileRef = A474C69A23B30AB300CBEEDB /* QueryService.swift */; };
		A48CE06423B31635006C2D97 /* SongTableViewCell.swift in Sources */ = {isa = PBXBuildFile; fileRef = A48CE06323B31635006C2D97 /* SongTableViewCell.swift */; };
		A48CE06623B316C6006C2D97 /* SearchViewController.swift in Sources */ = {isa = PBXBuildFile; fileRef = A48CE06523B316C6006C2D97 /* SearchViewController.swift */; };
/* End PBXBuildFile section */

/* Begin PBXFileReference section */
		A44BB1F223B352CF00A25200 /* Helper.swift */ = {isa = PBXFileReference; lastKnownFileType = sourcecode.swift; path = Helper.swift; sourceTree = "<group>"; };
		A44BB1F423B35B1A00A25200 /* DownloadService.swift */ = {isa = PBXFileReference; lastKnownFileType = sourcecode.swift; path = DownloadService.swift; sourceTree = "<group>"; };
		A474C67E23B3076D00CBEEDB /* DemoDownloadFile_Practice.app */ = {isa = PBXFileReference; explicitFileType = wrapper.application; includeInIndex = 0; path = DemoDownloadFile_Practice.app; sourceTree = BUILT_PRODUCTS_DIR; };
		A474C68123B3076D00CBEEDB /* AppDelegate.swift */ = {isa = PBXFileReference; lastKnownFileType = sourcecode.swift; path = AppDelegate.swift; sourceTree = "<group>"; };
		A474C68323B3076D00CBEEDB /* SceneDelegate.swift */ = {isa = PBXFileReference; lastKnownFileType = sourcecode.swift; path = SceneDelegate.swift; sourceTree = "<group>"; };
		A474C68523B3076D00CBEEDB /* ViewController.swift */ = {isa = PBXFileReference; lastKnownFileType = sourcecode.swift; path = ViewController.swift; sourceTree = "<group>"; };
		A474C68823B3076D00CBEEDB /* Base */ = {isa = PBXFileReference; lastKnownFileType = file.storyboard; name = Base; path = Base.lproj/Main.storyboard; sourceTree = "<group>"; };
		A474C68A23B3076E00CBEEDB /* Assets.xcassets */ = {isa = PBXFileReference; lastKnownFileType = folder.assetcatalog; path = Assets.xcassets; sourceTree = "<group>"; };
		A474C68D23B3076E00CBEEDB /* Base */ = {isa = PBXFileReference; lastKnownFileType = file.storyboard; name = Base; path = Base.lproj/LaunchScreen.storyboard; sourceTree = "<group>"; };
		A474C68F23B3076E00CBEEDB /* Info.plist */ = {isa = PBXFileReference; lastKnownFileType = text.plist.xml; path = Info.plist; sourceTree = "<group>"; };
		A474C69823B3090600CBEEDB /* Track.swift */ = {isa = PBXFileReference; lastKnownFileType = sourcecode.swift; path = Track.swift; sourceTree = "<group>"; };
		A474C69A23B30AB300CBEEDB /* QueryService.swift */ = {isa = PBXFileReference; lastKnownFileType = sourcecode.swift; path = QueryService.swift; sourceTree = "<group>"; };
		A48CE06323B31635006C2D97 /* SongTableViewCell.swift */ = {isa = PBXFileReference; lastKnownFileType = sourcecode.swift; path = SongTableViewCell.swift; sourceTree = "<group>"; };
		A48CE06523B316C6006C2D97 /* SearchViewController.swift */ = {isa = PBXFileReference; lastKnownFileType = sourcecode.swift; path = SearchViewController.swift; sourceTree = "<group>"; };
/* End PBXFileReference section */

/* Begin PBXFrameworksBuildPhase section */
		A474C67B23B3076D00CBEEDB /* Frameworks */ = {
			isa = PBXFrameworksBuildPhase;
			buildActionMask = 2147483647;
			files = (
			);
			runOnlyForDeploymentPostprocessing = 0;
		};
/* End PBXFrameworksBuildPhase section */

/* Begin PBXGroup section */
		A474C67523B3076D00CBEEDB = {
			isa = PBXGroup;
			children = (
				A474C68023B3076D00CBEEDB /* DemoDownloadFile_Practice */,
				A474C67F23B3076D00CBEEDB /* Products */,
			);
			sourceTree = "<group>";
		};
		A474C67F23B3076D00CBEEDB /* Products */ = {
			isa = PBXGroup;
			children = (
				A474C67E23B3076D00CBEEDB /* DemoDownloadFile_Practice.app */,
			);
			name = Products;
			sourceTree = "<group>";
		};
		A474C68023B3076D00CBEEDB /* DemoDownloadFile_Practice */ = {
			isa = PBXGroup;
			children = (
				A474C69723B308EE00CBEEDB /* Cell */,
				A474C69623B308DB00CBEEDB /* Models */,
				A474C69523B308CE00CBEEDB /* Networking */,
				A474C68123B3076D00CBEEDB /* AppDelegate.swift */,
				A474C68323B3076D00CBEEDB /* SceneDelegate.swift */,
				A474C68523B3076D00CBEEDB /* ViewController.swift */,
				A474C68723B3076D00CBEEDB /* Main.storyboard */,
				A474C68A23B3076E00CBEEDB /* Assets.xcassets */,
				A474C68C23B3076E00CBEEDB /* LaunchScreen.storyboard */,
				A474C68F23B3076E00CBEEDB /* Info.plist */,
				A48CE06523B316C6006C2D97 /* SearchViewController.swift */,
				A44BB1F223B352CF00A25200 /* Helper.swift */,
			);
			path = DemoDownloadFile_Practice;
			sourceTree = "<group>";
		};
		A474C69523B308CE00CBEEDB /* Networking */ = {
			isa = PBXGroup;
			children = (
				A474C69A23B30AB300CBEEDB /* QueryService.swift */,
				A44BB1F423B35B1A00A25200 /* DownloadService.swift */,
			);
			path = Networking;
			sourceTree = "<group>";
		};
		A474C69623B308DB00CBEEDB /* Models */ = {
			isa = PBXGroup;
			children = (
				A474C69823B3090600CBEEDB /* Track.swift */,
			);
			path = Models;
			sourceTree = "<group>";
		};
		A474C69723B308EE00CBEEDB /* Cell */ = {
			isa = PBXGroup;
			children = (
				A48CE06323B31635006C2D97 /* SongTableViewCell.swift */,
			);
			path = Cell;
			sourceTree = "<group>";
		};
/* End PBXGroup section */

/* Begin PBXNativeTarget section */
		A474C67D23B3076D00CBEEDB /* DemoDownloadFile_Practice */ = {
			isa = PBXNativeTarget;
			buildConfigurationList = A474C69223B3076E00CBEEDB /* Build configuration list for PBXNativeTarget "DemoDownloadFile_Practice" */;
			buildPhases = (
				A474C67A23B3076D00CBEEDB /* Sources */,
				A474C67B23B3076D00CBEEDB /* Frameworks */,
				A474C67C23B3076D00CBEEDB /* Resources */,
			);
			buildRules = (
			);
			dependencies = (
			);
			name = DemoDownloadFile_Practice;
			productName = DemoDownloadFile_Practice;
			productReference = A474C67E23B3076D00CBEEDB /* DemoDownloadFile_Practice.app */;
			productType = "com.apple.product-type.application";
		};
/* End PBXNativeTarget section */

/* Begin PBXProject section */
		A474C67623B3076D00CBEEDB /* Project object */ = {
			isa = PBXProject;
			attributes = {
				LastSwiftUpdateCheck = 1130;
				LastUpgradeCheck = 1130;
				ORGANIZATIONNAME = user159518;
				TargetAttributes = {
					A474C67D23B3076D00CBEEDB = {
						CreatedOnToolsVersion = 11.3;
					};
				};
			};
			buildConfigurationList = A474C67923B3076D00CBEEDB /* Build configuration list for PBXProject "DemoDownloadFile_Practice" */;
			compatibilityVersion = "Xcode 9.3";
			developmentRegion = en;
			hasScannedForEncodings = 0;
			knownRegions = (
				en,
				Base,
			);
			mainGroup = A474C67523B3076D00CBEEDB;
			productRefGroup = A474C67F23B3076D00CBEEDB /* Products */;
			projectDirPath = "";
			projectRoot = "";
			targets = (
				A474C67D23B3076D00CBEEDB /* DemoDownloadFile_Practice */,
			);
		};
/* End PBXProject section */

/* Begin PBXResourcesBuildPhase section */
		A474C67C23B3076D00CBEEDB /* Resources */ = {
			isa = PBXResourcesBuildPhase;
			buildActionMask = 2147483647;
			files = (
				A474C68E23B3076E00CBEEDB /* LaunchScreen.storyboard in Resources */,
				A474C68B23B3076E00CBEEDB /* Assets.xcassets in Resources */,
				A474C68923B3076D00CBEEDB /* Main.storyboard in Resources */,
			);
			runOnlyForDeploymentPostprocessing = 0;
		};
/* End PBXResourcesBuildPhase section */

/* Begin PBXSourcesBuildPhase section */
		A474C67A23B3076D00CBEEDB /* Sources */ = {
			isa = PBXSourcesBuildPhase;
			buildActionMask = 2147483647;
			files = (
				A48CE06423B31635006C2D97 /* SongTableViewCell.swift in Sources */,
				A48CE06623B316C6006C2D97 /* SearchViewController.swift in Sources */,
				A474C68623B3076D00CBEEDB /* ViewController.swift in Sources */,
				A474C68223B3076D00CBEEDB /* AppDelegate.swift in Sources */,
				A474C69B23B30AB300CBEEDB /* QueryService.swift in Sources */,
				A474C68423B3076D00CBEEDB /* SceneDelegate.swift in Sources */,
				A474C69923B3090600CBEEDB /* Track.swift in Sources */,
				A44BB1F323B352CF00A25200 /* Helper.swift in Sources */,
				A44BB1F523B35B1A00A25200 /* DownloadService.swift in Sources */,
			);
			runOnlyForDeploymentPostprocessing = 0;
		};
/* End PBXSourcesBuildPhase section */

/* Begin PBXVariantGroup section */
		A474C68723B3076D00CBEEDB /* Main.storyboard */ = {
			isa = PBXVariantGroup;
			children = (
				A474C68823B3076D00CBEEDB /* Base */,
			);
			name = Main.storyboard;
			sourceTree = "<group>";
		};
		A474C68C23B3076E00CBEEDB /* LaunchScreen.storyboard */ = {
			isa = PBXVariantGroup;
			children = (
				A474C68D23B3076E00CBEEDB /* Base */,
			);
			name = LaunchScreen.storyboard;
			sourceTree = "<group>";
		};
/* End PBXVariantGroup section */

/* Begin XCBuildConfiguration section */
		A474C69023B3076E00CBEEDB /* Debug */ = {
			isa = XCBuildConfiguration;
			buildSettings = {
				ALWAYS_SEARCH_USER_PATHS = NO;
				CLANG_ANALYZER_NONNULL = YES;
				CLANG_ANALYZER_NUMBER_OBJECT_CONVERSION = YES_AGGRESSIVE;
				CLANG_CXX_LANGUAGE_STANDARD = "gnu++14";
				CLANG_CXX_LIBRARY = "libc++";
				CLANG_ENABLE_MODULES = YES;
				CLANG_ENABLE_OBJC_ARC = YES;
				CLANG_ENABLE_OBJC_WEAK = YES;
				CLANG_WARN_BLOCK_CAPTURE_AUTORELEASING = YES;
				CLANG_WARN_BOOL_CONVERSION = YES;
				CLANG_WARN_COMMA = YES;
				CLANG_WARN_CONSTANT_CONVERSION = YES;
				CLANG_WARN_DEPRECATED_OBJC_IMPLEMENTATIONS = YES;
				CLANG_WARN_DIRECT_OBJC_ISA_USAGE = YES_ERROR;
				CLANG_WARN_DOCUMENTATION_COMMENTS = YES;
				CLANG_WARN_EMPTY_BODY = YES;
				CLANG_WARN_ENUM_CONVERSION = YES;
				CLANG_WARN_INFINITE_RECURSION = YES;
				CLANG_WARN_INT_CONVERSION = YES;
				CLANG_WARN_NON_LITERAL_NULL_CONVERSION = YES;
				CLANG_WARN_OBJC_IMPLICIT_RETAIN_SELF = YES;
				CLANG_WARN_OBJC_LITERAL_CONVERSION = YES;
				CLANG_WARN_OBJC_ROOT_CLASS = YES_ERROR;
				CLANG_WARN_RANGE_LOOP_ANALYSIS = YES;
				CLANG_WARN_STRICT_PROTOTYPES = YES;
				CLANG_WARN_SUSPICIOUS_MOVE = YES;
				CLANG_WARN_UNGUARDED_AVAILABILITY = YES_AGGRESSIVE;
				CLANG_WARN_UNREACHABLE_CODE = YES;
				CLANG_WARN__DUPLICATE_METHOD_MATCH = YES;
				COPY_PHASE_STRIP = NO;
				DEBUG_INFORMATION_FORMAT = dwarf;
				ENABLE_STRICT_OBJC_MSGSEND = YES;
				ENABLE_TESTABILITY = YES;
				GCC_C_LANGUAGE_STANDARD = gnu11;
				GCC_DYNAMIC_NO_PIC = NO;
				GCC_NO_COMMON_BLOCKS = YES;
				GCC_OPTIMIZATION_LEVEL = 0;
				GCC_PREPROCESSOR_DEFINITIONS = (
					"DEBUG=1",
					"$(inherited)",
				);
				GCC_WARN_64_TO_32_BIT_CONVERSION = YES;
				GCC_WARN_ABOUT_RETURN_TYPE = YES_ERROR;
				GCC_WARN_UNDECLARED_SELECTOR = YES;
				GCC_WARN_UNINITIALIZED_AUTOS = YES_AGGRESSIVE;
				GCC_WARN_UNUSED_FUNCTION = YES;
				GCC_WARN_UNUSED_VARIABLE = YES;
				IPHONEOS_DEPLOYMENT_TARGET = 13.2;
				MTL_ENABLE_DEBUG_INFO = INCLUDE_SOURCE;
				MTL_FAST_MATH = YES;
				ONLY_ACTIVE_ARCH = YES;
				SDKROOT = iphoneos;
				SWIFT_ACTIVE_COMPILATION_CONDITIONS = DEBUG;
				SWIFT_OPTIMIZATION_LEVEL = "-Onone";
			};
			name = Debug;
		};
		A474C69123B3076E00CBEEDB /* Release */ = {
			isa = XCBuildConfiguration;
			buildSettings = {
				ALWAYS_SEARCH_USER_PATHS = NO;
				CLANG_ANALYZER_NONNULL = YES;
				CLANG_ANALYZER_NUMBER_OBJECT_CONVERSION = YES_AGGRESSIVE;
				CLANG_CXX_LANGUAGE_STANDARD = "gnu++14";
				CLANG_CXX_LIBRARY = "libc++";
				CLANG_ENABLE_MODULES = YES;
				CLANG_ENABLE_OBJC_ARC = YES;
				CLANG_ENABLE_OBJC_WEAK = YES;
				CLANG_WARN_BLOCK_CAPTURE_AUTORELEASING = YES;
				CLANG_WARN_BOOL_CONVERSION = YES;
				CLANG_WARN_COMMA = YES;
				CLANG_WARN_CONSTANT_CONVERSION = YES;
				CLANG_WARN_DEPRECATED_OBJC_IMPLEMENTATIONS = YES;
				CLANG_WARN_DIRECT_OBJC_ISA_USAGE = YES_ERROR;
				CLANG_WARN_DOCUMENTATION_COMMENTS = YES;
				CLANG_WARN_EMPTY_BODY = YES;
				CLANG_WARN_ENUM_CONVERSION = YES;
				CLANG_WARN_INFINITE_RECURSION = YES;
				CLANG_WARN_INT_CONVERSION = YES;
				CLANG_WARN_NON_LITERAL_NULL_CONVERSION = YES;
				CLANG_WARN_OBJC_IMPLICIT_RETAIN_SELF = YES;
				CLANG_WARN_OBJC_LITERAL_CONVERSION = YES;
				CLANG_WARN_OBJC_ROOT_CLASS = YES_ERROR;
				CLANG_WARN_RANGE_LOOP_ANALYSIS = YES;
				CLANG_WARN_STRICT_PROTOTYPES = YES;
				CLANG_WARN_SUSPICIOUS_MOVE = YES;
				CLANG_WARN_UNGUARDED_AVAILABILITY = YES_AGGRESSIVE;
				CLANG_WARN_UNREACHABLE_CODE = YES;
				CLANG_WARN__DUPLICATE_METHOD_MATCH = YES;
				COPY_PHASE_STRIP = NO;
				DEBUG_INFORMATION_FORMAT = "dwarf-with-dsym";
				ENABLE_NS_ASSERTIONS = NO;
				ENABLE_STRICT_OBJC_MSGSEND = YES;
				GCC_C_LANGUAGE_STANDARD = gnu11;
				GCC_NO_COMMON_BLOCKS = YES;
				GCC_WARN_64_TO_32_BIT_CONVERSION = YES;
				GCC_WARN_ABOUT_RETURN_TYPE = YES_ERROR;
				GCC_WARN_UNDECLARED_SELECTOR = YES;
				GCC_WARN_UNINITIALIZED_AUTOS = YES_AGGRESSIVE;
				GCC_WARN_UNUSED_FUNCTION = YES;
				GCC_WARN_UNUSED_VARIABLE = YES;
				IPHONEOS_DEPLOYMENT_TARGET = 13.2;
				MTL_ENABLE_DEBUG_INFO = NO;
				MTL_FAST_MATH = YES;
				SDKROOT = iphoneos;
				SWIFT_COMPILATION_MODE = wholemodule;
				SWIFT_OPTIMIZATION_LEVEL = "-O";
				VALIDATE_PRODUCT = YES;
			};
			name = Release;
		};
		A474C69323B3076E00CBEEDB /* Debug */ = {
			isa = XCBuildConfiguration;
			buildSettings = {
				ASSETCATALOG_COMPILER_APPICON_NAME = AppIcon;
				CODE_SIGN_STYLE = Automatic;
				INFOPLIST_FILE = DemoDownloadFile_Practice/Info.plist;
				LD_RUNPATH_SEARCH_PATHS = (
					"$(inherited)",
					"@executable_path/Frameworks",
				);
				PRODUCT_BUNDLE_IDENTIFIER = "Nghia.DemoDownloadFile-Practice";
				PRODUCT_NAME = "$(TARGET_NAME)";
				SWIFT_VERSION = 5.0;
				TARGETED_DEVICE_FAMILY = "1,2";
			};
			name = Debug;
		};
		A474C69423B3076E00CBEEDB /* Release */ = {
			isa = XCBuildConfiguration;
			buildSettings = {
				ASSETCATALOG_COMPILER_APPICON_NAME = AppIcon;
				CODE_SIGN_STYLE = Automatic;
				INFOPLIST_FILE = DemoDownloadFile_Practice/Info.plist;
				LD_RUNPATH_SEARCH_PATHS = (
					"$(inherited)",
					"@executable_path/Frameworks",
				);
				PRODUCT_BUNDLE_IDENTIFIER = "Nghia.DemoDownloadFile-Practice";
				PRODUCT_NAME = "$(TARGET_NAME)";
				SWIFT_VERSION = 5.0;
				TARGETED_DEVICE_FAMILY = "1,2";
			};
			name = Release;
		};
/* End XCBuildConfiguration section */

/* Begin XCConfigurationList section */
		A474C67923B3076D00CBEEDB /* Build configuration list for PBXProject "DemoDownloadFile_Practice" */ = {
			isa = XCConfigurationList;
			buildConfigurations = (
				A474C69023B3076E00CBEEDB /* Debug */,
				A474C69123B3076E00CBEEDB /* Release */,
			);
			defaultConfigurationIsVisible = 0;
			defaultConfigurationName = Release;
		};
		A474C69223B3076E00CBEEDB /* Build configuration list for PBXNativeTarget "DemoDownloadFile_Practice" */ = {
			isa = XCConfigurationList;
			buildConfigurations = (
				A474C69323B3076E00CBEEDB /* Debug */,
				A474C69423B3076E00CBEEDB /* Release */,
			);
			defaultConfigurationIsVisible = 0;
			defaultConfigurationName = Release;
		};
/* End XCConfigurationList section */
	};
	rootObject = A474C67623B3076D00CBEEDB /* Project object */;
}
