// !$*UTF8*$!
{
	archiveVersion = 1;
	classes = {
	};
	objectVersion = 50;
	objects = {

/* Begin PBXBuildFile section */
		87CA988323C5F64500450DAD /* AppDelegate.swift in Sources */ = {isa = PBXBuildFile; fileRef = 87CA988223C5F64500450DAD /* AppDelegate.swift */; };
		87CA988523C5F64500450DAD /* SceneDelegate.swift in Sources */ = {isa = PBXBuildFile; fileRef = 87CA988423C5F64500450DAD /* SceneDelegate.swift */; };
		87CA988723C5F64500450DAD /* ViewController.swift in Sources */ = {isa = PBXBuildFile; fileRef = 87CA988623C5F64500450DAD /* ViewController.swift */; };
		87CA988A23C5F64500450DAD /* Main.storyboard in Resources */ = {isa = PBXBuildFile; fileRef = 87CA988823C5F64500450DAD /* Main.storyboard */; };
		87CA988C23C5F64600450DAD /* Assets.xcassets in Resources */ = {isa = PBXBuildFile; fileRef = 87CA988B23C5F64600450DAD /* Assets.xcassets */; };
		87CA988F23C5F64600450DAD /* LaunchScreen.storyboard in Resources */ = {isa = PBXBuildFile; fileRef = 87CA988D23C5F64600450DAD /* LaunchScreen.storyboard */; };
		87CA989823C5F65500450DAD /* CoreLocation.framework in Frameworks */ = {isa = PBXBuildFile; fileRef = 87CA989723C5F65500450DAD /* CoreLocation.framework */; };
		87CA989A23C5F65A00450DAD /* MapKit.framework in Frameworks */ = {isa = PBXBuildFile; fileRef = 87CA989923C5F65A00450DAD /* MapKit.framework */; };
/* End PBXBuildFile section */

/* Begin PBXFileReference section */
		87CA987F23C5F64500450DAD /* DemoMapLocation.app */ = {isa = PBXFileReference; explicitFileType = wrapper.application; includeInIndex = 0; path = DemoMapLocation.app; sourceTree = BUILT_PRODUCTS_DIR; };
		87CA988223C5F64500450DAD /* AppDelegate.swift */ = {isa = PBXFileReference; lastKnownFileType = sourcecode.swift; path = AppDelegate.swift; sourceTree = "<group>"; };
		87CA988423C5F64500450DAD /* SceneDelegate.swift */ = {isa = PBXFileReference; lastKnownFileType = sourcecode.swift; path = SceneDelegate.swift; sourceTree = "<group>"; };
		87CA988623C5F64500450DAD /* ViewController.swift */ = {isa = PBXFileReference; lastKnownFileType = sourcecode.swift; path = ViewController.swift; sourceTree = "<group>"; };
		87CA988923C5F64500450DAD /* Base */ = {isa = PBXFileReference; lastKnownFileType = file.storyboard; name = Base; path = Base.lproj/Main.storyboard; sourceTree = "<group>"; };
		87CA988B23C5F64600450DAD /* Assets.xcassets */ = {isa = PBXFileReference; lastKnownFileType = folder.assetcatalog; path = Assets.xcassets; sourceTree = "<group>"; };
		87CA988E23C5F64600450DAD /* Base */ = {isa = PBXFileReference; lastKnownFileType = file.storyboard; name = Base; path = Base.lproj/LaunchScreen.storyboard; sourceTree = "<group>"; };
		87CA989023C5F64600450DAD /* Info.plist */ = {isa = PBXFileReference; lastKnownFileType = text.plist.xml; path = Info.plist; sourceTree = "<group>"; };
		87CA989723C5F65500450DAD /* CoreLocation.framework */ = {isa = PBXFileReference; lastKnownFileType = wrapper.framework; name = CoreLocation.framework; path = System/Library/Frameworks/CoreLocation.framework; sourceTree = SDKROOT; };
		87CA989923C5F65A00450DAD /* MapKit.framework */ = {isa = PBXFileReference; lastKnownFileType = wrapper.framework; name = MapKit.framework; path = System/Library/Frameworks/MapKit.framework; sourceTree = SDKROOT; };
/* End PBXFileReference section */

/* Begin PBXFrameworksBuildPhase section */
		87CA987C23C5F64500450DAD /* Frameworks */ = {
			isa = PBXFrameworksBuildPhase;
			buildActionMask = 2147483647;
			files = (
				87CA989A23C5F65A00450DAD /* MapKit.framework in Frameworks */,
				87CA989823C5F65500450DAD /* CoreLocation.framework in Frameworks */,
			);
			runOnlyForDeploymentPostprocessing = 0;
		};
/* End PBXFrameworksBuildPhase section */

/* Begin PBXGroup section */
		87CA987623C5F64500450DAD = {
			isa = PBXGroup;
			children = (
				87CA988123C5F64500450DAD /* DemoMapLocation */,
				87CA988023C5F64500450DAD /* Products */,
				87CA989623C5F65400450DAD /* Frameworks */,
			);
			sourceTree = "<group>";
		};
		87CA988023C5F64500450DAD /* Products */ = {
			isa = PBXGroup;
			children = (
				87CA987F23C5F64500450DAD /* DemoMapLocation.app */,
			);
			name = Products;
			sourceTree = "<group>";
		};
		87CA988123C5F64500450DAD /* DemoMapLocation */ = {
			isa = PBXGroup;
			children = (
				87CA988223C5F64500450DAD /* AppDelegate.swift */,
				87CA988423C5F64500450DAD /* SceneDelegate.swift */,
				87CA988623C5F64500450DAD /* ViewController.swift */,
				87CA988823C5F64500450DAD /* Main.storyboard */,
				87CA988B23C5F64600450DAD /* Assets.xcassets */,
				87CA988D23C5F64600450DAD /* LaunchScreen.storyboard */,
				87CA989023C5F64600450DAD /* Info.plist */,
			);
			path = DemoMapLocation;
			sourceTree = "<group>";
		};
		87CA989623C5F65400450DAD /* Frameworks */ = {
			isa = PBXGroup;
			children = (
				87CA989923C5F65A00450DAD /* MapKit.framework */,
				87CA989723C5F65500450DAD /* CoreLocation.framework */,
			);
			name = Frameworks;
			sourceTree = "<group>";
		};
/* End PBXGroup section */

/* Begin PBXNativeTarget section */
		87CA987E23C5F64500450DAD /* DemoMapLocation */ = {
			isa = PBXNativeTarget;
			buildConfigurationList = 87CA989323C5F64600450DAD /* Build configuration list for PBXNativeTarget "DemoMapLocation" */;
			buildPhases = (
				87CA987B23C5F64500450DAD /* Sources */,
				87CA987C23C5F64500450DAD /* Frameworks */,
				87CA987D23C5F64500450DAD /* Resources */,
			);
			buildRules = (
			);
			dependencies = (
			);
			name = DemoMapLocation;
			productName = DemoMapLocation;
			productReference = 87CA987F23C5F64500450DAD /* DemoMapLocation.app */;
			productType = "com.apple.product-type.application";
		};
/* End PBXNativeTarget section */

/* Begin PBXProject section */
		87CA987723C5F64500450DAD /* Project object */ = {
			isa = PBXProject;
			attributes = {
				LastSwiftUpdateCheck = 1110;
				LastUpgradeCheck = 1110;
				ORGANIZATIONNAME = iMac_VTCA;
				TargetAttributes = {
					87CA987E23C5F64500450DAD = {
						CreatedOnToolsVersion = 11.1;
					};
				};
			};
			buildConfigurationList = 87CA987A23C5F64500450DAD /* Build configuration list for PBXProject "DemoMapLocation" */;
			compatibilityVersion = "Xcode 9.3";
			developmentRegion = en;
			hasScannedForEncodings = 0;
			knownRegions = (
				en,
				Base,
			);
			mainGroup = 87CA987623C5F64500450DAD;
			productRefGroup = 87CA988023C5F64500450DAD /* Products */;
			projectDirPath = "";
			projectRoot = "";
			targets = (
				87CA987E23C5F64500450DAD /* DemoMapLocation */,
			);
		};
/* End PBXProject section */

/* Begin PBXResourcesBuildPhase section */
		87CA987D23C5F64500450DAD /* Resources */ = {
			isa = PBXResourcesBuildPhase;
			buildActionMask = 2147483647;
			files = (
				87CA988F23C5F64600450DAD /* LaunchScreen.storyboard in Resources */,
				87CA988C23C5F64600450DAD /* Assets.xcassets in Resources */,
				87CA988A23C5F64500450DAD /* Main.storyboard in Resources */,
			);
			runOnlyForDeploymentPostprocessing = 0;
		};
/* End PBXResourcesBuildPhase section */

/* Begin PBXSourcesBuildPhase section */
		87CA987B23C5F64500450DAD /* Sources */ = {
			isa = PBXSourcesBuildPhase;
			buildActionMask = 2147483647;
			files = (
				87CA988723C5F64500450DAD /* ViewController.swift in Sources */,
				87CA988323C5F64500450DAD /* AppDelegate.swift in Sources */,
				87CA988523C5F64500450DAD /* SceneDelegate.swift in Sources */,
			);
			runOnlyForDeploymentPostprocessing = 0;
		};
/* End PBXSourcesBuildPhase section */

/* Begin PBXVariantGroup section */
		87CA988823C5F64500450DAD /* Main.storyboard */ = {
			isa = PBXVariantGroup;
			children = (
				87CA988923C5F64500450DAD /* Base */,
			);
			name = Main.storyboard;
			sourceTree = "<group>";
		};
		87CA988D23C5F64600450DAD /* LaunchScreen.storyboard */ = {
			isa = PBXVariantGroup;
			children = (
				87CA988E23C5F64600450DAD /* Base */,
			);
			name = LaunchScreen.storyboard;
			sourceTree = "<group>";
		};
/* End PBXVariantGroup section */

/* Begin XCBuildConfiguration section */
		87CA989123C5F64600450DAD /* Debug */ = {
			isa = XCBuildConfiguration;
			buildSettings = {
				ALWAYS_SEARCH_USER_PATHS = NO;
				CLANG_ANALYZER_NONNULL = YES;
				CLANG_ANALYZER_NUMBER_OBJECT_CONVERSION = YES_AGGRESSIVE;
				CLANG_CXX_LANGUAGE_STANDARD = "gnu++14";
				CLANG_CXX_LIBRARY = "libc++";
				CLANG_ENABLE_MODULES = YES;
				CLANG_ENABLE_OBJC_ARC = YES;
				CLANG_ENABLE_OBJC_WEAK = YES;
				CLANG_WARN_BLOCK_CAPTURE_AUTORELEASING = YES;
				CLANG_WARN_BOOL_CONVERSION = YES;
				CLANG_WARN_COMMA = YES;
				CLANG_WARN_CONSTANT_CONVERSION = YES;
				CLANG_WARN_DEPRECATED_OBJC_IMPLEMENTATIONS = YES;
				CLANG_WARN_DIRECT_OBJC_ISA_USAGE = YES_ERROR;
				CLANG_WARN_DOCUMENTATION_COMMENTS = YES;
				CLANG_WARN_EMPTY_BODY = YES;
				CLANG_WARN_ENUM_CONVERSION = YES;
				CLANG_WARN_INFINITE_RECURSION = YES;
				CLANG_WARN_INT_CONVERSION = YES;
				CLANG_WARN_NON_LITERAL_NULL_CONVERSION = YES;
				CLANG_WARN_OBJC_IMPLICIT_RETAIN_SELF = YES;
				CLANG_WARN_OBJC_LITERAL_CONVERSION = YES;
				CLANG_WARN_OBJC_ROOT_CLASS = YES_ERROR;
				CLANG_WARN_RANGE_LOOP_ANALYSIS = YES;
				CLANG_WARN_STRICT_PROTOTYPES = YES;
				CLANG_WARN_SUSPICIOUS_MOVE = YES;
				CLANG_WARN_UNGUARDED_AVAILABILITY = YES_AGGRESSIVE;
				CLANG_WARN_UNREACHABLE_CODE = YES;
				CLANG_WARN__DUPLICATE_METHOD_MATCH = YES;
				COPY_PHASE_STRIP = NO;
				DEBUG_INFORMATION_FORMAT = dwarf;
				ENABLE_STRICT_OBJC_MSGSEND = YES;
				ENABLE_TESTABILITY = YES;
				GCC_C_LANGUAGE_STANDARD = gnu11;
				GCC_DYNAMIC_NO_PIC = NO;
				GCC_NO_COMMON_BLOCKS = YES;
				GCC_OPTIMIZATION_LEVEL = 0;
				GCC_PREPROCESSOR_DEFINITIONS = (
					"DEBUG=1",
					"$(inherited)",
				);
				GCC_WARN_64_TO_32_BIT_CONVERSION = YES;
				GCC_WARN_ABOUT_RETURN_TYPE = YES_ERROR;
				GCC_WARN_UNDECLARED_SELECTOR = YES;
				GCC_WARN_UNINITIALIZED_AUTOS = YES_AGGRESSIVE;
				GCC_WARN_UNUSED_FUNCTION = YES;
				GCC_WARN_UNUSED_VARIABLE = YES;
				IPHONEOS_DEPLOYMENT_TARGET = 13.1;
				MTL_ENABLE_DEBUG_INFO = INCLUDE_SOURCE;
				MTL_FAST_MATH = YES;
				ONLY_ACTIVE_ARCH = YES;
				SDKROOT = iphoneos;
				SWIFT_ACTIVE_COMPILATION_CONDITIONS = DEBUG;
				SWIFT_OPTIMIZATION_LEVEL = "-Onone";
			};
			name = Debug;
		};
		87CA989223C5F64600450DAD /* Release */ = {
			isa = XCBuildConfiguration;
			buildSettings = {
				ALWAYS_SEARCH_USER_PATHS = NO;
				CLANG_ANALYZER_NONNULL = YES;
				CLANG_ANALYZER_NUMBER_OBJECT_CONVERSION = YES_AGGRESSIVE;
				CLANG_CXX_LANGUAGE_STANDARD = "gnu++14";
				CLANG_CXX_LIBRARY = "libc++";
				CLANG_ENABLE_MODULES = YES;
				CLANG_ENABLE_OBJC_ARC = YES;
				CLANG_ENABLE_OBJC_WEAK = YES;
				CLANG_WARN_BLOCK_CAPTURE_AUTORELEASING = YES;
				CLANG_WARN_BOOL_CONVERSION = YES;
				CLANG_WARN_COMMA = YES;
				CLANG_WARN_CONSTANT_CONVERSION = YES;
				CLANG_WARN_DEPRECATED_OBJC_IMPLEMENTATIONS = YES;
				CLANG_WARN_DIRECT_OBJC_ISA_USAGE = YES_ERROR;
				CLANG_WARN_DOCUMENTATION_COMMENTS = YES;
				CLANG_WARN_EMPTY_BODY = YES;
				CLANG_WARN_ENUM_CONVERSION = YES;
				CLANG_WARN_INFINITE_RECURSION = YES;
				CLANG_WARN_INT_CONVERSION = YES;
				CLANG_WARN_NON_LITERAL_NULL_CONVERSION = YES;
				CLANG_WARN_OBJC_IMPLICIT_RETAIN_SELF = YES;
				CLANG_WARN_OBJC_LITERAL_CONVERSION = YES;
				CLANG_WARN_OBJC_ROOT_CLASS = YES_ERROR;
				CLANG_WARN_RANGE_LOOP_ANALYSIS = YES;
				CLANG_WARN_STRICT_PROTOTYPES = YES;
				CLANG_WARN_SUSPICIOUS_MOVE = YES;
				CLANG_WARN_UNGUARDED_AVAILABILITY = YES_AGGRESSIVE;
				CLANG_WARN_UNREACHABLE_CODE = YES;
				CLANG_WARN__DUPLICATE_METHOD_MATCH = YES;
				COPY_PHASE_STRIP = NO;
				DEBUG_INFORMATION_FORMAT = "dwarf-with-dsym";
				ENABLE_NS_ASSERTIONS = NO;
				ENABLE_STRICT_OBJC_MSGSEND = YES;
				GCC_C_LANGUAGE_STANDARD = gnu11;
				GCC_NO_COMMON_BLOCKS = YES;
				GCC_WARN_64_TO_32_BIT_CONVERSION = YES;
				GCC_WARN_ABOUT_RETURN_TYPE = YES_ERROR;
				GCC_WARN_UNDECLARED_SELECTOR = YES;
				GCC_WARN_UNINITIALIZED_AUTOS = YES_AGGRESSIVE;
				GCC_WARN_UNUSED_FUNCTION = YES;
				GCC_WARN_UNUSED_VARIABLE = YES;
				IPHONEOS_DEPLOYMENT_TARGET = 13.1;
				MTL_ENABLE_DEBUG_INFO = NO;
				MTL_FAST_MATH = YES;
				SDKROOT = iphoneos;
				SWIFT_COMPILATION_MODE = wholemodule;
				SWIFT_OPTIMIZATION_LEVEL = "-O";
				VALIDATE_PRODUCT = YES;
			};
			name = Release;
		};
		87CA989423C5F64600450DAD /* Debug */ = {
			isa = XCBuildConfiguration;
			buildSettings = {
				ASSETCATALOG_COMPILER_APPICON_NAME = AppIcon;
				CODE_SIGN_STYLE = Automatic;
				INFOPLIST_FILE = DemoMapLocation/Info.plist;
				LD_RUNPATH_SEARCH_PATHS = (
					"$(inherited)",
					"@executable_path/Frameworks",
				);
				PRODUCT_BUNDLE_IDENTIFIER = Nghia.DemoMapLocation;
				PRODUCT_NAME = "$(TARGET_NAME)";
				SWIFT_VERSION = 5.0;
				TARGETED_DEVICE_FAMILY = "1,2";
			};
			name = Debug;
		};
		87CA989523C5F64600450DAD /* Release */ = {
			isa = XCBuildConfiguration;
			buildSettings = {
				ASSETCATALOG_COMPILER_APPICON_NAME = AppIcon;
				CODE_SIGN_STYLE = Automatic;
				INFOPLIST_FILE = DemoMapLocation/Info.plist;
				LD_RUNPATH_SEARCH_PATHS = (
					"$(inherited)",
					"@executable_path/Frameworks",
				);
				PRODUCT_BUNDLE_IDENTIFIER = Nghia.DemoMapLocation;
				PRODUCT_NAME = "$(TARGET_NAME)";
				SWIFT_VERSION = 5.0;
				TARGETED_DEVICE_FAMILY = "1,2";
			};
			name = Release;
		};
/* End XCBuildConfiguration section */

/* Begin XCConfigurationList section */
		87CA987A23C5F64500450DAD /* Build configuration list for PBXProject "DemoMapLocation" */ = {
			isa = XCConfigurationList;
			buildConfigurations = (
				87CA989123C5F64600450DAD /* Debug */,
				87CA989223C5F64600450DAD /* Release */,
			);
			defaultConfigurationIsVisible = 0;
			defaultConfigurationName = Release;
		};
		87CA989323C5F64600450DAD /* Build configuration list for PBXNativeTarget "DemoMapLocation" */ = {
			isa = XCConfigurationList;
			buildConfigurations = (
				87CA989423C5F64600450DAD /* Debug */,
				87CA989523C5F64600450DAD /* Release */,
			);
			defaultConfigurationIsVisible = 0;
			defaultConfigurationName = Release;
		};
/* End XCConfigurationList section */
	};
	rootObject = 87CA987723C5F64500450DAD /* Project object */;
}
