// !$*UTF8*$!
{
	archiveVersion = 1;
	classes = {
	};
	objectVersion = 50;
	objects = {

/* Begin PBXBuildFile section */
		522183DD23B0ECA000668E55 /* DownloadService.swift in Sources */ = {isa = PBXBuildFile; fileRef = 522183DC23B0ECA000668E55 /* DownloadService.swift */; };
		523A1D2923AA5C21006C93DE /* AppDelegate.swift in Sources */ = {isa = PBXBuildFile; fileRef = 523A1D2823AA5C21006C93DE /* AppDelegate.swift */; };
		523A1D2B23AA5C21006C93DE /* SceneDelegate.swift in Sources */ = {isa = PBXBuildFile; fileRef = 523A1D2A23AA5C21006C93DE /* SceneDelegate.swift */; };
		523A1D3023AA5C21006C93DE /* Main.storyboard in Resources */ = {isa = PBXBuildFile; fileRef = 523A1D2E23AA5C21006C93DE /* Main.storyboard */; };
		523A1D3223AA5C25006C93DE /* Assets.xcassets in Resources */ = {isa = PBXBuildFile; fileRef = 523A1D3123AA5C25006C93DE /* Assets.xcassets */; };
		523A1D3523AA5C25006C93DE /* LaunchScreen.storyboard in Resources */ = {isa = PBXBuildFile; fileRef = 523A1D3323AA5C25006C93DE /* LaunchScreen.storyboard */; };
		52677C8123B0DBF000B7A112 /* SearchViewController.swift in Sources */ = {isa = PBXBuildFile; fileRef = 52677C8023B0DBF000B7A112 /* SearchViewController.swift */; };
		52677C8423B0DE2800B7A112 /* SongTableViewCell.swift in Sources */ = {isa = PBXBuildFile; fileRef = 52677C8323B0DE2800B7A112 /* SongTableViewCell.swift */; };
		52677C8623B0DEE100B7A112 /* Helpers.swift in Sources */ = {isa = PBXBuildFile; fileRef = 52677C8523B0DEE100B7A112 /* Helpers.swift */; };
		52677C8923B0DFD600B7A112 /* Track.swift in Sources */ = {isa = PBXBuildFile; fileRef = 52677C8823B0DFD600B7A112 /* Track.swift */; };
		52677C8C23B0E0BF00B7A112 /* QueryService.swift in Sources */ = {isa = PBXBuildFile; fileRef = 52677C8B23B0E0BF00B7A112 /* QueryService.swift */; };
		87112D1B23B38ED80090EE36 /* Download.swift in Sources */ = {isa = PBXBuildFile; fileRef = 87112D1A23B38ED80090EE36 /* Download.swift */; };
		BDFD3FA923B9B6A600FCA344 /* AudioToolbox.framework in Frameworks */ = {isa = PBXBuildFile; fileRef = BDFD3FA823B9B6A600FCA344 /* AudioToolbox.framework */; };
/* End PBXBuildFile section */

/* Begin PBXFileReference section */
		522183DC23B0ECA000668E55 /* DownloadService.swift */ = {isa = PBXFileReference; lastKnownFileType = sourcecode.swift; path = DownloadService.swift; sourceTree = "<group>"; };
		523A1D2523AA5C21006C93DE /* NewNetworking.app */ = {isa = PBXFileReference; explicitFileType = wrapper.application; includeInIndex = 0; path = NewNetworking.app; sourceTree = BUILT_PRODUCTS_DIR; };
		523A1D2823AA5C21006C93DE /* AppDelegate.swift */ = {isa = PBXFileReference; lastKnownFileType = sourcecode.swift; path = AppDelegate.swift; sourceTree = "<group>"; };
		523A1D2A23AA5C21006C93DE /* SceneDelegate.swift */ = {isa = PBXFileReference; lastKnownFileType = sourcecode.swift; path = SceneDelegate.swift; sourceTree = "<group>"; };
		523A1D2F23AA5C21006C93DE /* Base */ = {isa = PBXFileReference; lastKnownFileType = file.storyboard; name = Base; path = Base.lproj/Main.storyboard; sourceTree = "<group>"; };
		523A1D3123AA5C25006C93DE /* Assets.xcassets */ = {isa = PBXFileReference; lastKnownFileType = folder.assetcatalog; path = Assets.xcassets; sourceTree = "<group>"; };
		523A1D3423AA5C25006C93DE /* Base */ = {isa = PBXFileReference; lastKnownFileType = file.storyboard; name = Base; path = Base.lproj/LaunchScreen.storyboard; sourceTree = "<group>"; };
		523A1D3623AA5C25006C93DE /* Info.plist */ = {isa = PBXFileReference; lastKnownFileType = text.plist.xml; path = Info.plist; sourceTree = "<group>"; };
		52677C8023B0DBF000B7A112 /* SearchViewController.swift */ = {isa = PBXFileReference; lastKnownFileType = sourcecode.swift; path = SearchViewController.swift; sourceTree = "<group>"; };
		52677C8323B0DE2800B7A112 /* SongTableViewCell.swift */ = {isa = PBXFileReference; lastKnownFileType = sourcecode.swift; path = SongTableViewCell.swift; sourceTree = "<group>"; };
		52677C8523B0DEE100B7A112 /* Helpers.swift */ = {isa = PBXFileReference; lastKnownFileType = sourcecode.swift; path = Helpers.swift; sourceTree = "<group>"; };
		52677C8823B0DFD600B7A112 /* Track.swift */ = {isa = PBXFileReference; lastKnownFileType = sourcecode.swift; path = Track.swift; sourceTree = "<group>"; };
		52677C8B23B0E0BF00B7A112 /* QueryService.swift */ = {isa = PBXFileReference; fileEncoding = 4; lastKnownFileType = sourcecode.swift; path = QueryService.swift; sourceTree = "<group>"; };
		87112D1A23B38ED80090EE36 /* Download.swift */ = {isa = PBXFileReference; lastKnownFileType = sourcecode.swift; path = Download.swift; sourceTree = "<group>"; };
		BDFD3FA823B9B6A600FCA344 /* AudioToolbox.framework */ = {isa = PBXFileReference; lastKnownFileType = wrapper.framework; name = AudioToolbox.framework; path = System/Library/Frameworks/AudioToolbox.framework; sourceTree = SDKROOT; };
/* End PBXFileReference section */

/* Begin PBXFrameworksBuildPhase section */
		523A1D2223AA5C21006C93DE /* Frameworks */ = {
			isa = PBXFrameworksBuildPhase;
			buildActionMask = 2147483647;
			files = (
				BDFD3FA923B9B6A600FCA344 /* AudioToolbox.framework in Frameworks */,
			);
			runOnlyForDeploymentPostprocessing = 0;
		};
/* End PBXFrameworksBuildPhase section */

/* Begin PBXGroup section */
		523A1D1C23AA5C21006C93DE = {
			isa = PBXGroup;
			children = (
				523A1D2823AA5C21006C93DE /* AppDelegate.swift */,
				523A1D2723AA5C21006C93DE /* NewNetworking */,
				523A1D2623AA5C21006C93DE /* Products */,
				523A1D2A23AA5C21006C93DE /* SceneDelegate.swift */,
				BDFD3FA723B9B6A600FCA344 /* Frameworks */,
			);
			sourceTree = "<group>";
		};
		523A1D2623AA5C21006C93DE /* Products */ = {
			isa = PBXGroup;
			children = (
				523A1D2523AA5C21006C93DE /* NewNetworking.app */,
			);
			name = Products;
			sourceTree = "<group>";
		};
		523A1D2723AA5C21006C93DE /* NewNetworking */ = {
			isa = PBXGroup;
			children = (
				52677C8A23B0E0B700B7A112 /* Networking */,
				52677C8723B0DFCB00B7A112 /* Models */,
				BD35C6BB23B5EF9500854C6C /* Views */,
				BD35C6BA23B5EF8300854C6C /* Controller */,
				523A1D3123AA5C25006C93DE /* Assets.xcassets */,
				523A1D3323AA5C25006C93DE /* LaunchScreen.storyboard */,
				523A1D3623AA5C25006C93DE /* Info.plist */,
				52677C8523B0DEE100B7A112 /* Helpers.swift */,
			);
			path = NewNetworking;
			sourceTree = "<group>";
		};
		52677C8223B0DE1700B7A112 /* Cell */ = {
			isa = PBXGroup;
			children = (
				52677C8323B0DE2800B7A112 /* SongTableViewCell.swift */,
			);
			path = Cell;
			sourceTree = "<group>";
		};
		52677C8723B0DFCB00B7A112 /* Models */ = {
			isa = PBXGroup;
			children = (
				52677C8823B0DFD600B7A112 /* Track.swift */,
				87112D1A23B38ED80090EE36 /* Download.swift */,
			);
			path = Models;
			sourceTree = "<group>";
		};
		52677C8A23B0E0B700B7A112 /* Networking */ = {
			isa = PBXGroup;
			children = (
				52677C8B23B0E0BF00B7A112 /* QueryService.swift */,
				522183DC23B0ECA000668E55 /* DownloadService.swift */,
			);
			path = Networking;
			sourceTree = "<group>";
		};
		BD35C6BA23B5EF8300854C6C /* Controller */ = {
			isa = PBXGroup;
			children = (
				52677C8023B0DBF000B7A112 /* SearchViewController.swift */,
			);
			path = Controller;
			sourceTree = "<group>";
		};
		BD35C6BB23B5EF9500854C6C /* Views */ = {
			isa = PBXGroup;
			children = (
				52677C8223B0DE1700B7A112 /* Cell */,
				523A1D2E23AA5C21006C93DE /* Main.storyboard */,
			);
			path = Views;
			sourceTree = "<group>";
		};
		BDFD3FA723B9B6A600FCA344 /* Frameworks */ = {
			isa = PBXGroup;
			children = (
				BDFD3FA823B9B6A600FCA344 /* AudioToolbox.framework */,
			);
			name = Frameworks;
			sourceTree = "<group>";
		};
/* End PBXGroup section */

/* Begin PBXNativeTarget section */
		523A1D2423AA5C21006C93DE /* NewNetworking */ = {
			isa = PBXNativeTarget;
			buildConfigurationList = 523A1D3923AA5C25006C93DE /* Build configuration list for PBXNativeTarget "NewNetworking" */;
			buildPhases = (
				523A1D2123AA5C21006C93DE /* Sources */,
				523A1D2223AA5C21006C93DE /* Frameworks */,
				523A1D2323AA5C21006C93DE /* Resources */,
			);
			buildRules = (
			);
			dependencies = (
			);
			name = NewNetworking;
			productName = NewNetworking;
			productReference = 523A1D2523AA5C21006C93DE /* NewNetworking.app */;
			productType = "com.apple.product-type.application";
		};
/* End PBXNativeTarget section */

/* Begin PBXProject section */
		523A1D1D23AA5C21006C93DE /* Project object */ = {
			isa = PBXProject;
			attributes = {
				LastSwiftUpdateCheck = 1130;
				LastUpgradeCheck = 1130;
				ORGANIZATIONNAME = "THAI LE QUANG";
				TargetAttributes = {
					523A1D2423AA5C21006C93DE = {
						CreatedOnToolsVersion = 11.3;
					};
				};
			};
			buildConfigurationList = 523A1D2023AA5C21006C93DE /* Build configuration list for PBXProject "NewNetworking" */;
			compatibilityVersion = "Xcode 9.3";
			developmentRegion = en;
			hasScannedForEncodings = 0;
			knownRegions = (
				en,
				Base,
			);
			mainGroup = 523A1D1C23AA5C21006C93DE;
			productRefGroup = 523A1D2623AA5C21006C93DE /* Products */;
			projectDirPath = "";
			projectRoot = "";
			targets = (
				523A1D2423AA5C21006C93DE /* NewNetworking */,
			);
		};
/* End PBXProject section */

/* Begin PBXResourcesBuildPhase section */
		523A1D2323AA5C21006C93DE /* Resources */ = {
			isa = PBXResourcesBuildPhase;
			buildActionMask = 2147483647;
			files = (
				523A1D3523AA5C25006C93DE /* LaunchScreen.storyboard in Resources */,
				523A1D3223AA5C25006C93DE /* Assets.xcassets in Resources */,
				523A1D3023AA5C21006C93DE /* Main.storyboard in Resources */,
			);
			runOnlyForDeploymentPostprocessing = 0;
		};
/* End PBXResourcesBuildPhase section */

/* Begin PBXSourcesBuildPhase section */
		523A1D2123AA5C21006C93DE /* Sources */ = {
			isa = PBXSourcesBuildPhase;
			buildActionMask = 2147483647;
			files = (
				52677C8623B0DEE100B7A112 /* Helpers.swift in Sources */,
				523A1D2923AA5C21006C93DE /* AppDelegate.swift in Sources */,
				52677C8423B0DE2800B7A112 /* SongTableViewCell.swift in Sources */,
				52677C8C23B0E0BF00B7A112 /* QueryService.swift in Sources */,
				52677C8123B0DBF000B7A112 /* SearchViewController.swift in Sources */,
				523A1D2B23AA5C21006C93DE /* SceneDelegate.swift in Sources */,
				52677C8923B0DFD600B7A112 /* Track.swift in Sources */,
				522183DD23B0ECA000668E55 /* DownloadService.swift in Sources */,
				87112D1B23B38ED80090EE36 /* Download.swift in Sources */,
			);
			runOnlyForDeploymentPostprocessing = 0;
		};
/* End PBXSourcesBuildPhase section */

/* Begin PBXVariantGroup section */
		523A1D2E23AA5C21006C93DE /* Main.storyboard */ = {
			isa = PBXVariantGroup;
			children = (
				523A1D2F23AA5C21006C93DE /* Base */,
			);
			name = Main.storyboard;
			sourceTree = "<group>";
		};
		523A1D3323AA5C25006C93DE /* LaunchScreen.storyboard */ = {
			isa = PBXVariantGroup;
			children = (
				523A1D3423AA5C25006C93DE /* Base */,
			);
			name = LaunchScreen.storyboard;
			sourceTree = "<group>";
		};
/* End PBXVariantGroup section */

/* Begin XCBuildConfiguration section */
		523A1D3723AA5C25006C93DE /* Debug */ = {
			isa = XCBuildConfiguration;
			buildSettings = {
				ALWAYS_SEARCH_USER_PATHS = NO;
				CLANG_ANALYZER_NONNULL = YES;
				CLANG_ANALYZER_NUMBER_OBJECT_CONVERSION = YES_AGGRESSIVE;
				CLANG_CXX_LANGUAGE_STANDARD = "gnu++14";
				CLANG_CXX_LIBRARY = "libc++";
				CLANG_ENABLE_MODULES = YES;
				CLANG_ENABLE_OBJC_ARC = YES;
				CLANG_ENABLE_OBJC_WEAK = YES;
				CLANG_WARN_BLOCK_CAPTURE_AUTORELEASING = YES;
				CLANG_WARN_BOOL_CONVERSION = YES;
				CLANG_WARN_COMMA = YES;
				CLANG_WARN_CONSTANT_CONVERSION = YES;
				CLANG_WARN_DEPRECATED_OBJC_IMPLEMENTATIONS = YES;
				CLANG_WARN_DIRECT_OBJC_ISA_USAGE = YES_ERROR;
				CLANG_WARN_DOCUMENTATION_COMMENTS = YES;
				CLANG_WARN_EMPTY_BODY = YES;
				CLANG_WARN_ENUM_CONVERSION = YES;
				CLANG_WARN_INFINITE_RECURSION = YES;
				CLANG_WARN_INT_CONVERSION = YES;
				CLANG_WARN_NON_LITERAL_NULL_CONVERSION = YES;
				CLANG_WARN_OBJC_IMPLICIT_RETAIN_SELF = YES;
				CLANG_WARN_OBJC_LITERAL_CONVERSION = YES;
				CLANG_WARN_OBJC_ROOT_CLASS = YES_ERROR;
				CLANG_WARN_RANGE_LOOP_ANALYSIS = YES;
				CLANG_WARN_STRICT_PROTOTYPES = YES;
				CLANG_WARN_SUSPICIOUS_MOVE = YES;
				CLANG_WARN_UNGUARDED_AVAILABILITY = YES_AGGRESSIVE;
				CLANG_WARN_UNREACHABLE_CODE = YES;
				CLANG_WARN__DUPLICATE_METHOD_MATCH = YES;
				COPY_PHASE_STRIP = NO;
				DEBUG_INFORMATION_FORMAT = dwarf;
				ENABLE_STRICT_OBJC_MSGSEND = YES;
				ENABLE_TESTABILITY = YES;
				GCC_C_LANGUAGE_STANDARD = gnu11;
				GCC_DYNAMIC_NO_PIC = NO;
				GCC_NO_COMMON_BLOCKS = YES;
				GCC_OPTIMIZATION_LEVEL = 0;
				GCC_PREPROCESSOR_DEFINITIONS = (
					"DEBUG=1",
					"$(inherited)",
				);
				GCC_WARN_64_TO_32_BIT_CONVERSION = YES;
				GCC_WARN_ABOUT_RETURN_TYPE = YES_ERROR;
				GCC_WARN_UNDECLARED_SELECTOR = YES;
				GCC_WARN_UNINITIALIZED_AUTOS = YES_AGGRESSIVE;
				GCC_WARN_UNUSED_FUNCTION = YES;
				GCC_WARN_UNUSED_VARIABLE = YES;
				IPHONEOS_DEPLOYMENT_TARGET = 13.2;
				MTL_ENABLE_DEBUG_INFO = INCLUDE_SOURCE;
				MTL_FAST_MATH = YES;
				ONLY_ACTIVE_ARCH = YES;
				SDKROOT = iphoneos;
				SWIFT_ACTIVE_COMPILATION_CONDITIONS = DEBUG;
				SWIFT_OPTIMIZATION_LEVEL = "-Onone";
			};
			name = Debug;
		};
		523A1D3823AA5C25006C93DE /* Release */ = {
			isa = XCBuildConfiguration;
			buildSettings = {
				ALWAYS_SEARCH_USER_PATHS = NO;
				CLANG_ANALYZER_NONNULL = YES;
				CLANG_ANALYZER_NUMBER_OBJECT_CONVERSION = YES_AGGRESSIVE;
				CLANG_CXX_LANGUAGE_STANDARD = "gnu++14";
				CLANG_CXX_LIBRARY = "libc++";
				CLANG_ENABLE_MODULES = YES;
				CLANG_ENABLE_OBJC_ARC = YES;
				CLANG_ENABLE_OBJC_WEAK = YES;
				CLANG_WARN_BLOCK_CAPTURE_AUTORELEASING = YES;
				CLANG_WARN_BOOL_CONVERSION = YES;
				CLANG_WARN_COMMA = YES;
				CLANG_WARN_CONSTANT_CONVERSION = YES;
				CLANG_WARN_DEPRECATED_OBJC_IMPLEMENTATIONS = YES;
				CLANG_WARN_DIRECT_OBJC_ISA_USAGE = YES_ERROR;
				CLANG_WARN_DOCUMENTATION_COMMENTS = YES;
				CLANG_WARN_EMPTY_BODY = YES;
				CLANG_WARN_ENUM_CONVERSION = YES;
				CLANG_WARN_INFINITE_RECURSION = YES;
				CLANG_WARN_INT_CONVERSION = YES;
				CLANG_WARN_NON_LITERAL_NULL_CONVERSION = YES;
				CLANG_WARN_OBJC_IMPLICIT_RETAIN_SELF = YES;
				CLANG_WARN_OBJC_LITERAL_CONVERSION = YES;
				CLANG_WARN_OBJC_ROOT_CLASS = YES_ERROR;
				CLANG_WARN_RANGE_LOOP_ANALYSIS = YES;
				CLANG_WARN_STRICT_PROTOTYPES = YES;
				CLANG_WARN_SUSPICIOUS_MOVE = YES;
				CLANG_WARN_UNGUARDED_AVAILABILITY = YES_AGGRESSIVE;
				CLANG_WARN_UNREACHABLE_CODE = YES;
				CLANG_WARN__DUPLICATE_METHOD_MATCH = YES;
				COPY_PHASE_STRIP = NO;
				DEBUG_INFORMATION_FORMAT = "dwarf-with-dsym";
				ENABLE_NS_ASSERTIONS = NO;
				ENABLE_STRICT_OBJC_MSGSEND = YES;
				GCC_C_LANGUAGE_STANDARD = gnu11;
				GCC_NO_COMMON_BLOCKS = YES;
				GCC_WARN_64_TO_32_BIT_CONVERSION = YES;
				GCC_WARN_ABOUT_RETURN_TYPE = YES_ERROR;
				GCC_WARN_UNDECLARED_SELECTOR = YES;
				GCC_WARN_UNINITIALIZED_AUTOS = YES_AGGRESSIVE;
				GCC_WARN_UNUSED_FUNCTION = YES;
				GCC_WARN_UNUSED_VARIABLE = YES;
				IPHONEOS_DEPLOYMENT_TARGET = 13.2;
				MTL_ENABLE_DEBUG_INFO = NO;
				MTL_FAST_MATH = YES;
				SDKROOT = iphoneos;
				SWIFT_COMPILATION_MODE = wholemodule;
				SWIFT_OPTIMIZATION_LEVEL = "-O";
				VALIDATE_PRODUCT = YES;
			};
			name = Release;
		};
		523A1D3A23AA5C25006C93DE /* Debug */ = {
			isa = XCBuildConfiguration;
			buildSettings = {
				ASSETCATALOG_COMPILER_APPICON_NAME = AppIcon;
				CODE_SIGN_STYLE = Automatic;
				INFOPLIST_FILE = NewNetworking/Info.plist;
				IPHONEOS_DEPLOYMENT_TARGET = 13.0;
				LD_RUNPATH_SEARCH_PATHS = (
					"$(inherited)",
					"@executable_path/Frameworks",
				);
				PRODUCT_BUNDLE_IDENTIFIER = abc.NewNetworking;
				PRODUCT_NAME = "$(TARGET_NAME)";
				SWIFT_VERSION = 5.0;
				TARGETED_DEVICE_FAMILY = "1,2";
			};
			name = Debug;
		};
		523A1D3B23AA5C25006C93DE /* Release */ = {
			isa = XCBuildConfiguration;
			buildSettings = {
				ASSETCATALOG_COMPILER_APPICON_NAME = AppIcon;
				CODE_SIGN_STYLE = Automatic;
				INFOPLIST_FILE = NewNetworking/Info.plist;
				IPHONEOS_DEPLOYMENT_TARGET = 13.0;
				LD_RUNPATH_SEARCH_PATHS = (
					"$(inherited)",
					"@executable_path/Frameworks",
				);
				PRODUCT_BUNDLE_IDENTIFIER = abc.NewNetworking;
				PRODUCT_NAME = "$(TARGET_NAME)";
				SWIFT_VERSION = 5.0;
				TARGETED_DEVICE_FAMILY = "1,2";
			};
			name = Release;
		};
/* End XCBuildConfiguration section */

/* Begin XCConfigurationList section */
		523A1D2023AA5C21006C93DE /* Build configuration list for PBXProject "NewNetworking" */ = {
			isa = XCConfigurationList;
			buildConfigurations = (
				523A1D3723AA5C25006C93DE /* Debug */,
				523A1D3823AA5C25006C93DE /* Release */,
			);
			defaultConfigurationIsVisible = 0;
			defaultConfigurationName = Release;
		};
		523A1D3923AA5C25006C93DE /* Build configuration list for PBXNativeTarget "NewNetworking" */ = {
			isa = XCConfigurationList;
			buildConfigurations = (
				523A1D3A23AA5C25006C93DE /* Debug */,
				523A1D3B23AA5C25006C93DE /* Release */,
			);
			defaultConfigurationIsVisible = 0;
			defaultConfigurationName = Release;
		};
/* End XCConfigurationList section */
	};
	rootObject = 523A1D1D23AA5C21006C93DE /* Project object */;
}
