// !$*UTF8*$!
{
	archiveVersion = 1;
	classes = {
	};
	objectVersion = 50;
	objects = {

/* Begin PBXBuildFile section */
		873D1ED923952EAB00BA8DBB /* AppDelegate.swift in Sources */ = {isa = PBXBuildFile; fileRef = 873D1ED823952EAB00BA8DBB /* AppDelegate.swift */; };
		873D1EDB23952EAB00BA8DBB /* SceneDelegate.swift in Sources */ = {isa = PBXBuildFile; fileRef = 873D1EDA23952EAB00BA8DBB /* SceneDelegate.swift */; };
		873D1EDD23952EAB00BA8DBB /* ViewController.swift in Sources */ = {isa = PBXBuildFile; fileRef = 873D1EDC23952EAB00BA8DBB /* ViewController.swift */; };
		873D1EE023952EAB00BA8DBB /* Main.storyboard in Resources */ = {isa = PBXBuildFile; fileRef = 873D1EDE23952EAB00BA8DBB /* Main.storyboard */; };
		873D1EE223952EAC00BA8DBB /* Assets.xcassets in Resources */ = {isa = PBXBuildFile; fileRef = 873D1EE123952EAC00BA8DBB /* Assets.xcassets */; };
		873D1EE523952EAC00BA8DBB /* LaunchScreen.storyboard in Resources */ = {isa = PBXBuildFile; fileRef = 873D1EE323952EAC00BA8DBB /* LaunchScreen.storyboard */; };
		873D1EEE23952F1000BA8DBB /* ViewController1.swift in Sources */ = {isa = PBXBuildFile; fileRef = 873D1EEC23952F1000BA8DBB /* ViewController1.swift */; };
		873D1EEF23952F1000BA8DBB /* ViewController1.xib in Resources */ = {isa = PBXBuildFile; fileRef = 873D1EED23952F1000BA8DBB /* ViewController1.xib */; };
/* End PBXBuildFile section */

/* Begin PBXFileReference section */
		873D1ED523952EAB00BA8DBB /* BaiTap2.app */ = {isa = PBXFileReference; explicitFileType = wrapper.application; includeInIndex = 0; path = BaiTap2.app; sourceTree = BUILT_PRODUCTS_DIR; };
		873D1ED823952EAB00BA8DBB /* AppDelegate.swift */ = {isa = PBXFileReference; lastKnownFileType = sourcecode.swift; path = AppDelegate.swift; sourceTree = "<group>"; };
		873D1EDA23952EAB00BA8DBB /* SceneDelegate.swift */ = {isa = PBXFileReference; lastKnownFileType = sourcecode.swift; path = SceneDelegate.swift; sourceTree = "<group>"; };
		873D1EDC23952EAB00BA8DBB /* ViewController.swift */ = {isa = PBXFileReference; lastKnownFileType = sourcecode.swift; path = ViewController.swift; sourceTree = "<group>"; };
		873D1EDF23952EAB00BA8DBB /* Base */ = {isa = PBXFileReference; lastKnownFileType = file.storyboard; name = Base; path = Base.lproj/Main.storyboard; sourceTree = "<group>"; };
		873D1EE123952EAC00BA8DBB /* Assets.xcassets */ = {isa = PBXFileReference; lastKnownFileType = folder.assetcatalog; path = Assets.xcassets; sourceTree = "<group>"; };
		873D1EE423952EAC00BA8DBB /* Base */ = {isa = PBXFileReference; lastKnownFileType = file.storyboard; name = Base; path = Base.lproj/LaunchScreen.storyboard; sourceTree = "<group>"; };
		873D1EE623952EAC00BA8DBB /* Info.plist */ = {isa = PBXFileReference; lastKnownFileType = text.plist.xml; path = Info.plist; sourceTree = "<group>"; };
		873D1EEC23952F1000BA8DBB /* ViewController1.swift */ = {isa = PBXFileReference; lastKnownFileType = sourcecode.swift; path = ViewController1.swift; sourceTree = "<group>"; };
		873D1EED23952F1000BA8DBB /* ViewController1.xib */ = {isa = PBXFileReference; lastKnownFileType = file.xib; path = ViewController1.xib; sourceTree = "<group>"; };
/* End PBXFileReference section */

/* Begin PBXFrameworksBuildPhase section */
		873D1ED223952EAB00BA8DBB /* Frameworks */ = {
			isa = PBXFrameworksBuildPhase;
			buildActionMask = 2147483647;
			files = (
			);
			runOnlyForDeploymentPostprocessing = 0;
		};
/* End PBXFrameworksBuildPhase section */

/* Begin PBXGroup section */
		873D1ECC23952EAB00BA8DBB = {
			isa = PBXGroup;
			children = (
				873D1ED723952EAB00BA8DBB /* BaiTap2 */,
				873D1ED623952EAB00BA8DBB /* Products */,
			);
			sourceTree = "<group>";
		};
		873D1ED623952EAB00BA8DBB /* Products */ = {
			isa = PBXGroup;
			children = (
				873D1ED523952EAB00BA8DBB /* BaiTap2.app */,
			);
			name = Products;
			sourceTree = "<group>";
		};
		873D1ED723952EAB00BA8DBB /* BaiTap2 */ = {
			isa = PBXGroup;
			children = (
				873D1ED823952EAB00BA8DBB /* AppDelegate.swift */,
				873D1EDA23952EAB00BA8DBB /* SceneDelegate.swift */,
				873D1EDC23952EAB00BA8DBB /* ViewController.swift */,
				873D1EDE23952EAB00BA8DBB /* Main.storyboard */,
				873D1EE123952EAC00BA8DBB /* Assets.xcassets */,
				873D1EE323952EAC00BA8DBB /* LaunchScreen.storyboard */,
				873D1EE623952EAC00BA8DBB /* Info.plist */,
				873D1EEC23952F1000BA8DBB /* ViewController1.swift */,
				873D1EED23952F1000BA8DBB /* ViewController1.xib */,
			);
			path = BaiTap2;
			sourceTree = "<group>";
		};
/* End PBXGroup section */

/* Begin PBXNativeTarget section */
		873D1ED423952EAB00BA8DBB /* BaiTap2 */ = {
			isa = PBXNativeTarget;
			buildConfigurationList = 873D1EE923952EAC00BA8DBB /* Build configuration list for PBXNativeTarget "BaiTap2" */;
			buildPhases = (
				873D1ED123952EAB00BA8DBB /* Sources */,
				873D1ED223952EAB00BA8DBB /* Frameworks */,
				873D1ED323952EAB00BA8DBB /* Resources */,
			);
			buildRules = (
			);
			dependencies = (
			);
			name = BaiTap2;
			productName = BaiTap2;
			productReference = 873D1ED523952EAB00BA8DBB /* BaiTap2.app */;
			productType = "com.apple.product-type.application";
		};
/* End PBXNativeTarget section */

/* Begin PBXProject section */
		873D1ECD23952EAB00BA8DBB /* Project object */ = {
			isa = PBXProject;
			attributes = {
				LastSwiftUpdateCheck = 1110;
				LastUpgradeCheck = 1110;
				ORGANIZATIONNAME = iMac_VTCA;
				TargetAttributes = {
					873D1ED423952EAB00BA8DBB = {
						CreatedOnToolsVersion = 11.1;
					};
				};
			};
			buildConfigurationList = 873D1ED023952EAB00BA8DBB /* Build configuration list for PBXProject "BaiTap2" */;
			compatibilityVersion = "Xcode 9.3";
			developmentRegion = en;
			hasScannedForEncodings = 0;
			knownRegions = (
				en,
				Base,
			);
			mainGroup = 873D1ECC23952EAB00BA8DBB;
			productRefGroup = 873D1ED623952EAB00BA8DBB /* Products */;
			projectDirPath = "";
			projectRoot = "";
			targets = (
				873D1ED423952EAB00BA8DBB /* BaiTap2 */,
			);
		};
/* End PBXProject section */

/* Begin PBXResourcesBuildPhase section */
		873D1ED323952EAB00BA8DBB /* Resources */ = {
			isa = PBXResourcesBuildPhase;
			buildActionMask = 2147483647;
			files = (
				873D1EEF23952F1000BA8DBB /* ViewController1.xib in Resources */,
				873D1EE523952EAC00BA8DBB /* LaunchScreen.storyboard in Resources */,
				873D1EE223952EAC00BA8DBB /* Assets.xcassets in Resources */,
				873D1EE023952EAB00BA8DBB /* Main.storyboard in Resources */,
			);
			runOnlyForDeploymentPostprocessing = 0;
		};
/* End PBXResourcesBuildPhase section */

/* Begin PBXSourcesBuildPhase section */
		873D1ED123952EAB00BA8DBB /* Sources */ = {
			isa = PBXSourcesBuildPhase;
			buildActionMask = 2147483647;
			files = (
				873D1EEE23952F1000BA8DBB /* ViewController1.swift in Sources */,
				873D1EDD23952EAB00BA8DBB /* ViewController.swift in Sources */,
				873D1ED923952EAB00BA8DBB /* AppDelegate.swift in Sources */,
				873D1EDB23952EAB00BA8DBB /* SceneDelegate.swift in Sources */,
			);
			runOnlyForDeploymentPostprocessing = 0;
		};
/* End PBXSourcesBuildPhase section */

/* Begin PBXVariantGroup section */
		873D1EDE23952EAB00BA8DBB /* Main.storyboard */ = {
			isa = PBXVariantGroup;
			children = (
				873D1EDF23952EAB00BA8DBB /* Base */,
			);
			name = Main.storyboard;
			sourceTree = "<group>";
		};
		873D1EE323952EAC00BA8DBB /* LaunchScreen.storyboard */ = {
			isa = PBXVariantGroup;
			children = (
				873D1EE423952EAC00BA8DBB /* Base */,
			);
			name = LaunchScreen.storyboard;
			sourceTree = "<group>";
		};
/* End PBXVariantGroup section */

/* Begin XCBuildConfiguration section */
		873D1EE723952EAC00BA8DBB /* Debug */ = {
			isa = XCBuildConfiguration;
			buildSettings = {
				ALWAYS_SEARCH_USER_PATHS = NO;
				CLANG_ANALYZER_NONNULL = YES;
				CLANG_ANALYZER_NUMBER_OBJECT_CONVERSION = YES_AGGRESSIVE;
				CLANG_CXX_LANGUAGE_STANDARD = "gnu++14";
				CLANG_CXX_LIBRARY = "libc++";
				CLANG_ENABLE_MODULES = YES;
				CLANG_ENABLE_OBJC_ARC = YES;
				CLANG_ENABLE_OBJC_WEAK = YES;
				CLANG_WARN_BLOCK_CAPTURE_AUTORELEASING = YES;
				CLANG_WARN_BOOL_CONVERSION = YES;
				CLANG_WARN_COMMA = YES;
				CLANG_WARN_CONSTANT_CONVERSION = YES;
				CLANG_WARN_DEPRECATED_OBJC_IMPLEMENTATIONS = YES;
				CLANG_WARN_DIRECT_OBJC_ISA_USAGE = YES_ERROR;
				CLANG_WARN_DOCUMENTATION_COMMENTS = YES;
				CLANG_WARN_EMPTY_BODY = YES;
				CLANG_WARN_ENUM_CONVERSION = YES;
				CLANG_WARN_INFINITE_RECURSION = YES;
				CLANG_WARN_INT_CONVERSION = YES;
				CLANG_WARN_NON_LITERAL_NULL_CONVERSION = YES;
				CLANG_WARN_OBJC_IMPLICIT_RETAIN_SELF = YES;
				CLANG_WARN_OBJC_LITERAL_CONVERSION = YES;
				CLANG_WARN_OBJC_ROOT_CLASS = YES_ERROR;
				CLANG_WARN_RANGE_LOOP_ANALYSIS = YES;
				CLANG_WARN_STRICT_PROTOTYPES = YES;
				CLANG_WARN_SUSPICIOUS_MOVE = YES;
				CLANG_WARN_UNGUARDED_AVAILABILITY = YES_AGGRESSIVE;
				CLANG_WARN_UNREACHABLE_CODE = YES;
				CLANG_WARN__DUPLICATE_METHOD_MATCH = YES;
				COPY_PHASE_STRIP = NO;
				DEBUG_INFORMATION_FORMAT = dwarf;
				ENABLE_STRICT_OBJC_MSGSEND = YES;
				ENABLE_TESTABILITY = YES;
				GCC_C_LANGUAGE_STANDARD = gnu11;
				GCC_DYNAMIC_NO_PIC = NO;
				GCC_NO_COMMON_BLOCKS = YES;
				GCC_OPTIMIZATION_LEVEL = 0;
				GCC_PREPROCESSOR_DEFINITIONS = (
					"DEBUG=1",
					"$(inherited)",
				);
				GCC_WARN_64_TO_32_BIT_CONVERSION = YES;
				GCC_WARN_ABOUT_RETURN_TYPE = YES_ERROR;
				GCC_WARN_UNDECLARED_SELECTOR = YES;
				GCC_WARN_UNINITIALIZED_AUTOS = YES_AGGRESSIVE;
				GCC_WARN_UNUSED_FUNCTION = YES;
				GCC_WARN_UNUSED_VARIABLE = YES;
				IPHONEOS_DEPLOYMENT_TARGET = 13.1;
				MTL_ENABLE_DEBUG_INFO = INCLUDE_SOURCE;
				MTL_FAST_MATH = YES;
				ONLY_ACTIVE_ARCH = YES;
				SDKROOT = iphoneos;
				SWIFT_ACTIVE_COMPILATION_CONDITIONS = DEBUG;
				SWIFT_OPTIMIZATION_LEVEL = "-Onone";
			};
			name = Debug;
		};
		873D1EE823952EAC00BA8DBB /* Release */ = {
			isa = XCBuildConfiguration;
			buildSettings = {
				ALWAYS_SEARCH_USER_PATHS = NO;
				CLANG_ANALYZER_NONNULL = YES;
				CLANG_ANALYZER_NUMBER_OBJECT_CONVERSION = YES_AGGRESSIVE;
				CLANG_CXX_LANGUAGE_STANDARD = "gnu++14";
				CLANG_CXX_LIBRARY = "libc++";
				CLANG_ENABLE_MODULES = YES;
				CLANG_ENABLE_OBJC_ARC = YES;
				CLANG_ENABLE_OBJC_WEAK = YES;
				CLANG_WARN_BLOCK_CAPTURE_AUTORELEASING = YES;
				CLANG_WARN_BOOL_CONVERSION = YES;
				CLANG_WARN_COMMA = YES;
				CLANG_WARN_CONSTANT_CONVERSION = YES;
				CLANG_WARN_DEPRECATED_OBJC_IMPLEMENTATIONS = YES;
				CLANG_WARN_DIRECT_OBJC_ISA_USAGE = YES_ERROR;
				CLANG_WARN_DOCUMENTATION_COMMENTS = YES;
				CLANG_WARN_EMPTY_BODY = YES;
				CLANG_WARN_ENUM_CONVERSION = YES;
				CLANG_WARN_INFINITE_RECURSION = YES;
				CLANG_WARN_INT_CONVERSION = YES;
				CLANG_WARN_NON_LITERAL_NULL_CONVERSION = YES;
				CLANG_WARN_OBJC_IMPLICIT_RETAIN_SELF = YES;
				CLANG_WARN_OBJC_LITERAL_CONVERSION = YES;
				CLANG_WARN_OBJC_ROOT_CLASS = YES_ERROR;
				CLANG_WARN_RANGE_LOOP_ANALYSIS = YES;
				CLANG_WARN_STRICT_PROTOTYPES = YES;
				CLANG_WARN_SUSPICIOUS_MOVE = YES;
				CLANG_WARN_UNGUARDED_AVAILABILITY = YES_AGGRESSIVE;
				CLANG_WARN_UNREACHABLE_CODE = YES;
				CLANG_WARN__DUPLICATE_METHOD_MATCH = YES;
				COPY_PHASE_STRIP = NO;
				DEBUG_INFORMATION_FORMAT = "dwarf-with-dsym";
				ENABLE_NS_ASSERTIONS = NO;
				ENABLE_STRICT_OBJC_MSGSEND = YES;
				GCC_C_LANGUAGE_STANDARD = gnu11;
				GCC_NO_COMMON_BLOCKS = YES;
				GCC_WARN_64_TO_32_BIT_CONVERSION = YES;
				GCC_WARN_ABOUT_RETURN_TYPE = YES_ERROR;
				GCC_WARN_UNDECLARED_SELECTOR = YES;
				GCC_WARN_UNINITIALIZED_AUTOS = YES_AGGRESSIVE;
				GCC_WARN_UNUSED_FUNCTION = YES;
				GCC_WARN_UNUSED_VARIABLE = YES;
				IPHONEOS_DEPLOYMENT_TARGET = 13.1;
				MTL_ENABLE_DEBUG_INFO = NO;
				MTL_FAST_MATH = YES;
				SDKROOT = iphoneos;
				SWIFT_COMPILATION_MODE = wholemodule;
				SWIFT_OPTIMIZATION_LEVEL = "-O";
				VALIDATE_PRODUCT = YES;
			};
			name = Release;
		};
		873D1EEA23952EAC00BA8DBB /* Debug */ = {
			isa = XCBuildConfiguration;
			buildSettings = {
				ASSETCATALOG_COMPILER_APPICON_NAME = AppIcon;
				CODE_SIGN_STYLE = Automatic;
				INFOPLIST_FILE = BaiTap2/Info.plist;
				LD_RUNPATH_SEARCH_PATHS = (
					"$(inherited)",
					"@executable_path/Frameworks",
				);
				PRODUCT_BUNDLE_IDENTIFIER = Nghia.BaiTap2;
				PRODUCT_NAME = "$(TARGET_NAME)";
				SWIFT_VERSION = 5.0;
				TARGETED_DEVICE_FAMILY = "1,2";
			};
			name = Debug;
		};
		873D1EEB23952EAC00BA8DBB /* Release */ = {
			isa = XCBuildConfiguration;
			buildSettings = {
				ASSETCATALOG_COMPILER_APPICON_NAME = AppIcon;
				CODE_SIGN_STYLE = Automatic;
				INFOPLIST_FILE = BaiTap2/Info.plist;
				LD_RUNPATH_SEARCH_PATHS = (
					"$(inherited)",
					"@executable_path/Frameworks",
				);
				PRODUCT_BUNDLE_IDENTIFIER = Nghia.BaiTap2;
				PRODUCT_NAME = "$(TARGET_NAME)";
				SWIFT_VERSION = 5.0;
				TARGETED_DEVICE_FAMILY = "1,2";
			};
			name = Release;
		};
/* End XCBuildConfiguration section */

/* Begin XCConfigurationList section */
		873D1ED023952EAB00BA8DBB /* Build configuration list for PBXProject "BaiTap2" */ = {
			isa = XCConfigurationList;
			buildConfigurations = (
				873D1EE723952EAC00BA8DBB /* Debug */,
				873D1EE823952EAC00BA8DBB /* Release */,
			);
			defaultConfigurationIsVisible = 0;
			defaultConfigurationName = Release;
		};
		873D1EE923952EAC00BA8DBB /* Build configuration list for PBXNativeTarget "BaiTap2" */ = {
			isa = XCConfigurationList;
			buildConfigurations = (
				873D1EEA23952EAC00BA8DBB /* Debug */,
				873D1EEB23952EAC00BA8DBB /* Release */,
			);
			defaultConfigurationIsVisible = 0;
			defaultConfigurationName = Release;
		};
/* End XCConfigurationList section */
	};
	rootObject = 873D1ECD23952EAB00BA8DBB /* Project object */;
}
