// !$*UTF8*$!
{
	archiveVersion = 1;
	classes = {
	};
	objectVersion = 50;
	objects = {

/* Begin PBXBuildFile section */
		1D3CDA592EC13AB429391982 /* Pods_DemoUsingCocoaPods_Practice.framework in Frameworks */ = {isa = PBXBuildFile; fileRef = 8442565E27144A90B1E3C5E9 /* Pods_DemoUsingCocoaPods_Practice.framework */; };
		87C221DE23BF705F009DFB62 /* AppDelegate.swift in Sources */ = {isa = PBXBuildFile; fileRef = 87C221DD23BF705F009DFB62 /* AppDelegate.swift */; };
		87C221E023BF705F009DFB62 /* SceneDelegate.swift in Sources */ = {isa = PBXBuildFile; fileRef = 87C221DF23BF705F009DFB62 /* SceneDelegate.swift */; };
		87C221E223BF705F009DFB62 /* ViewController.swift in Sources */ = {isa = PBXBuildFile; fileRef = 87C221E123BF705F009DFB62 /* ViewController.swift */; };
		87C221E523BF705F009DFB62 /* Main.storyboard in Resources */ = {isa = PBXBuildFile; fileRef = 87C221E323BF705F009DFB62 /* Main.storyboard */; };
		87C221E723BF7060009DFB62 /* Assets.xcassets in Resources */ = {isa = PBXBuildFile; fileRef = 87C221E623BF7060009DFB62 /* Assets.xcassets */; };
		87C221EA23BF7060009DFB62 /* LaunchScreen.storyboard in Resources */ = {isa = PBXBuildFile; fileRef = 87C221E823BF7060009DFB62 /* LaunchScreen.storyboard */; };
/* End PBXBuildFile section */

/* Begin PBXFileReference section */
		8442565E27144A90B1E3C5E9 /* Pods_DemoUsingCocoaPods_Practice.framework */ = {isa = PBXFileReference; explicitFileType = wrapper.framework; includeInIndex = 0; path = Pods_DemoUsingCocoaPods_Practice.framework; sourceTree = BUILT_PRODUCTS_DIR; };
		87C221DA23BF705F009DFB62 /* DemoUsingCocoaPods_Practice.app */ = {isa = PBXFileReference; explicitFileType = wrapper.application; includeInIndex = 0; path = DemoUsingCocoaPods_Practice.app; sourceTree = BUILT_PRODUCTS_DIR; };
		87C221DD23BF705F009DFB62 /* AppDelegate.swift */ = {isa = PBXFileReference; lastKnownFileType = sourcecode.swift; path = AppDelegate.swift; sourceTree = "<group>"; };
		87C221DF23BF705F009DFB62 /* SceneDelegate.swift */ = {isa = PBXFileReference; lastKnownFileType = sourcecode.swift; path = SceneDelegate.swift; sourceTree = "<group>"; };
		87C221E123BF705F009DFB62 /* ViewController.swift */ = {isa = PBXFileReference; lastKnownFileType = sourcecode.swift; path = ViewController.swift; sourceTree = "<group>"; };
		87C221E423BF705F009DFB62 /* Base */ = {isa = PBXFileReference; lastKnownFileType = file.storyboard; name = Base; path = Base.lproj/Main.storyboard; sourceTree = "<group>"; };
		87C221E623BF7060009DFB62 /* Assets.xcassets */ = {isa = PBXFileReference; lastKnownFileType = folder.assetcatalog; path = Assets.xcassets; sourceTree = "<group>"; };
		87C221E923BF7060009DFB62 /* Base */ = {isa = PBXFileReference; lastKnownFileType = file.storyboard; name = Base; path = Base.lproj/LaunchScreen.storyboard; sourceTree = "<group>"; };
		87C221EB23BF7060009DFB62 /* Info.plist */ = {isa = PBXFileReference; lastKnownFileType = text.plist.xml; path = Info.plist; sourceTree = "<group>"; };
		A4BFDA6214FEAD36E2D1F2D5 /* Pods-DemoUsingCocoaPods_Practice.release.xcconfig */ = {isa = PBXFileReference; includeInIndex = 1; lastKnownFileType = text.xcconfig; name = "Pods-DemoUsingCocoaPods_Practice.release.xcconfig"; path = "Target Support Files/Pods-DemoUsingCocoaPods_Practice/Pods-DemoUsingCocoaPods_Practice.release.xcconfig"; sourceTree = "<group>"; };
		DB8184CA880161FC519CA2BF /* Pods-DemoUsingCocoaPods_Practice.debug.xcconfig */ = {isa = PBXFileReference; includeInIndex = 1; lastKnownFileType = text.xcconfig; name = "Pods-DemoUsingCocoaPods_Practice.debug.xcconfig"; path = "Target Support Files/Pods-DemoUsingCocoaPods_Practice/Pods-DemoUsingCocoaPods_Practice.debug.xcconfig"; sourceTree = "<group>"; };
/* End PBXFileReference section */

/* Begin PBXFrameworksBuildPhase section */
		87C221D723BF705F009DFB62 /* Frameworks */ = {
			isa = PBXFrameworksBuildPhase;
			buildActionMask = 2147483647;
			files = (
				1D3CDA592EC13AB429391982 /* Pods_DemoUsingCocoaPods_Practice.framework in Frameworks */,
			);
			runOnlyForDeploymentPostprocessing = 0;
		};
/* End PBXFrameworksBuildPhase section */

/* Begin PBXGroup section */
		171F36C5891E0AB7F51FB1CA /* Pods */ = {
			isa = PBXGroup;
			children = (
				DB8184CA880161FC519CA2BF /* Pods-DemoUsingCocoaPods_Practice.debug.xcconfig */,
				A4BFDA6214FEAD36E2D1F2D5 /* Pods-DemoUsingCocoaPods_Practice.release.xcconfig */,
			);
			name = Pods;
			path = Pods;
			sourceTree = "<group>";
		};
		87C221D123BF705F009DFB62 = {
			isa = PBXGroup;
			children = (
				87C221DC23BF705F009DFB62 /* DemoUsingCocoaPods_Practice */,
				87C221DB23BF705F009DFB62 /* Products */,
				171F36C5891E0AB7F51FB1CA /* Pods */,
				C6C5254E2E1C46C34C8BD61F /* Frameworks */,
			);
			sourceTree = "<group>";
		};
		87C221DB23BF705F009DFB62 /* Products */ = {
			isa = PBXGroup;
			children = (
				87C221DA23BF705F009DFB62 /* DemoUsingCocoaPods_Practice.app */,
			);
			name = Products;
			sourceTree = "<group>";
		};
		87C221DC23BF705F009DFB62 /* DemoUsingCocoaPods_Practice */ = {
			isa = PBXGroup;
			children = (
				87C221DD23BF705F009DFB62 /* AppDelegate.swift */,
				87C221DF23BF705F009DFB62 /* SceneDelegate.swift */,
				87C221E123BF705F009DFB62 /* ViewController.swift */,
				87C221E323BF705F009DFB62 /* Main.storyboard */,
				87C221E623BF7060009DFB62 /* Assets.xcassets */,
				87C221E823BF7060009DFB62 /* LaunchScreen.storyboard */,
				87C221EB23BF7060009DFB62 /* Info.plist */,
			);
			path = DemoUsingCocoaPods_Practice;
			sourceTree = "<group>";
		};
		C6C5254E2E1C46C34C8BD61F /* Frameworks */ = {
			isa = PBXGroup;
			children = (
				8442565E27144A90B1E3C5E9 /* Pods_DemoUsingCocoaPods_Practice.framework */,
			);
			name = Frameworks;
			sourceTree = "<group>";
		};
/* End PBXGroup section */

/* Begin PBXNativeTarget section */
		87C221D923BF705F009DFB62 /* DemoUsingCocoaPods_Practice */ = {
			isa = PBXNativeTarget;
			buildConfigurationList = 87C221EE23BF7060009DFB62 /* Build configuration list for PBXNativeTarget "DemoUsingCocoaPods_Practice" */;
			buildPhases = (
				5A58FBF07C19AA23DE74E71C /* [CP] Check Pods Manifest.lock */,
				87C221D623BF705F009DFB62 /* Sources */,
				87C221D723BF705F009DFB62 /* Frameworks */,
				87C221D823BF705F009DFB62 /* Resources */,
				DCE44C4C88048824796B9DDD /* [CP] Embed Pods Frameworks */,
			);
			buildRules = (
			);
			dependencies = (
			);
			name = DemoUsingCocoaPods_Practice;
			productName = DemoUsingCocoaPods_Practice;
			productReference = 87C221DA23BF705F009DFB62 /* DemoUsingCocoaPods_Practice.app */;
			productType = "com.apple.product-type.application";
		};
/* End PBXNativeTarget section */

/* Begin PBXProject section */
		87C221D223BF705F009DFB62 /* Project object */ = {
			isa = PBXProject;
			attributes = {
				LastSwiftUpdateCheck = 1110;
				LastUpgradeCheck = 1110;
				ORGANIZATIONNAME = iMac_VTCA;
				TargetAttributes = {
					87C221D923BF705F009DFB62 = {
						CreatedOnToolsVersion = 11.1;
					};
				};
			};
			buildConfigurationList = 87C221D523BF705F009DFB62 /* Build configuration list for PBXProject "DemoUsingCocoaPods_Practice" */;
			compatibilityVersion = "Xcode 9.3";
			developmentRegion = en;
			hasScannedForEncodings = 0;
			knownRegions = (
				en,
				Base,
			);
			mainGroup = 87C221D123BF705F009DFB62;
			productRefGroup = 87C221DB23BF705F009DFB62 /* Products */;
			projectDirPath = "";
			projectRoot = "";
			targets = (
				87C221D923BF705F009DFB62 /* DemoUsingCocoaPods_Practice */,
			);
		};
/* End PBXProject section */

/* Begin PBXResourcesBuildPhase section */
		87C221D823BF705F009DFB62 /* Resources */ = {
			isa = PBXResourcesBuildPhase;
			buildActionMask = 2147483647;
			files = (
				87C221EA23BF7060009DFB62 /* LaunchScreen.storyboard in Resources */,
				87C221E723BF7060009DFB62 /* Assets.xcassets in Resources */,
				87C221E523BF705F009DFB62 /* Main.storyboard in Resources */,
			);
			runOnlyForDeploymentPostprocessing = 0;
		};
/* End PBXResourcesBuildPhase section */

/* Begin PBXShellScriptBuildPhase section */
		5A58FBF07C19AA23DE74E71C /* [CP] Check Pods Manifest.lock */ = {
			isa = PBXShellScriptBuildPhase;
			buildActionMask = 2147483647;
			files = (
			);
			inputFileListPaths = (
			);
			inputPaths = (
				"${PODS_PODFILE_DIR_PATH}/Podfile.lock",
				"${PODS_ROOT}/Manifest.lock",
			);
			name = "[CP] Check Pods Manifest.lock";
			outputFileListPaths = (
			);
			outputPaths = (
				"$(DERIVED_FILE_DIR)/Pods-DemoUsingCocoaPods_Practice-checkManifestLockResult.txt",
			);
			runOnlyForDeploymentPostprocessing = 0;
			shellPath = /bin/sh;
			shellScript = "diff \"${PODS_PODFILE_DIR_PATH}/Podfile.lock\" \"${PODS_ROOT}/Manifest.lock\" > /dev/null\nif [ $? != 0 ] ; then\n    # print error to STDERR\n    echo \"error: The sandbox is not in sync with the Podfile.lock. Run 'pod install' or update your CocoaPods installation.\" >&2\n    exit 1\nfi\n# This output is used by Xcode 'outputs' to avoid re-running this script phase.\necho \"SUCCESS\" > \"${SCRIPT_OUTPUT_FILE_0}\"\n";
			showEnvVarsInLog = 0;
		};
		DCE44C4C88048824796B9DDD /* [CP] Embed Pods Frameworks */ = {
			isa = PBXShellScriptBuildPhase;
			buildActionMask = 2147483647;
			files = (
			);
			inputFileListPaths = (
				"${PODS_ROOT}/Target Support Files/Pods-DemoUsingCocoaPods_Practice/Pods-DemoUsingCocoaPods_Practice-frameworks-${CONFIGURATION}-input-files.xcfilelist",
			);
			name = "[CP] Embed Pods Frameworks";
			outputFileListPaths = (
				"${PODS_ROOT}/Target Support Files/Pods-DemoUsingCocoaPods_Practice/Pods-DemoUsingCocoaPods_Practice-frameworks-${CONFIGURATION}-output-files.xcfilelist",
			);
			runOnlyForDeploymentPostprocessing = 0;
			shellPath = /bin/sh;
			shellScript = "\"${PODS_ROOT}/Target Support Files/Pods-DemoUsingCocoaPods_Practice/Pods-DemoUsingCocoaPods_Practice-frameworks.sh\"\n";
			showEnvVarsInLog = 0;
		};
/* End PBXShellScriptBuildPhase section */

/* Begin PBXSourcesBuildPhase section */
		87C221D623BF705F009DFB62 /* Sources */ = {
			isa = PBXSourcesBuildPhase;
			buildActionMask = 2147483647;
			files = (
				87C221E223BF705F009DFB62 /* ViewController.swift in Sources */,
				87C221DE23BF705F009DFB62 /* AppDelegate.swift in Sources */,
				87C221E023BF705F009DFB62 /* SceneDelegate.swift in Sources */,
			);
			runOnlyForDeploymentPostprocessing = 0;
		};
/* End PBXSourcesBuildPhase section */

/* Begin PBXVariantGroup section */
		87C221E323BF705F009DFB62 /* Main.storyboard */ = {
			isa = PBXVariantGroup;
			children = (
				87C221E423BF705F009DFB62 /* Base */,
			);
			name = Main.storyboard;
			sourceTree = "<group>";
		};
		87C221E823BF7060009DFB62 /* LaunchScreen.storyboard */ = {
			isa = PBXVariantGroup;
			children = (
				87C221E923BF7060009DFB62 /* Base */,
			);
			name = LaunchScreen.storyboard;
			sourceTree = "<group>";
		};
/* End PBXVariantGroup section */

/* Begin XCBuildConfiguration section */
		87C221EC23BF7060009DFB62 /* Debug */ = {
			isa = XCBuildConfiguration;
			buildSettings = {
				ALWAYS_SEARCH_USER_PATHS = NO;
				CLANG_ANALYZER_NONNULL = YES;
				CLANG_ANALYZER_NUMBER_OBJECT_CONVERSION = YES_AGGRESSIVE;
				CLANG_CXX_LANGUAGE_STANDARD = "gnu++14";
				CLANG_CXX_LIBRARY = "libc++";
				CLANG_ENABLE_MODULES = YES;
				CLANG_ENABLE_OBJC_ARC = YES;
				CLANG_ENABLE_OBJC_WEAK = YES;
				CLANG_WARN_BLOCK_CAPTURE_AUTORELEASING = YES;
				CLANG_WARN_BOOL_CONVERSION = YES;
				CLANG_WARN_COMMA = YES;
				CLANG_WARN_CONSTANT_CONVERSION = YES;
				CLANG_WARN_DEPRECATED_OBJC_IMPLEMENTATIONS = YES;
				CLANG_WARN_DIRECT_OBJC_ISA_USAGE = YES_ERROR;
				CLANG_WARN_DOCUMENTATION_COMMENTS = YES;
				CLANG_WARN_EMPTY_BODY = YES;
				CLANG_WARN_ENUM_CONVERSION = YES;
				CLANG_WARN_INFINITE_RECURSION = YES;
				CLANG_WARN_INT_CONVERSION = YES;
				CLANG_WARN_NON_LITERAL_NULL_CONVERSION = YES;
				CLANG_WARN_OBJC_IMPLICIT_RETAIN_SELF = YES;
				CLANG_WARN_OBJC_LITERAL_CONVERSION = YES;
				CLANG_WARN_OBJC_ROOT_CLASS = YES_ERROR;
				CLANG_WARN_RANGE_LOOP_ANALYSIS = YES;
				CLANG_WARN_STRICT_PROTOTYPES = YES;
				CLANG_WARN_SUSPICIOUS_MOVE = YES;
				CLANG_WARN_UNGUARDED_AVAILABILITY = YES_AGGRESSIVE;
				CLANG_WARN_UNREACHABLE_CODE = YES;
				CLANG_WARN__DUPLICATE_METHOD_MATCH = YES;
				COPY_PHASE_STRIP = NO;
				DEBUG_INFORMATION_FORMAT = dwarf;
				ENABLE_STRICT_OBJC_MSGSEND = YES;
				ENABLE_TESTABILITY = YES;
				GCC_C_LANGUAGE_STANDARD = gnu11;
				GCC_DYNAMIC_NO_PIC = NO;
				GCC_NO_COMMON_BLOCKS = YES;
				GCC_OPTIMIZATION_LEVEL = 0;
				GCC_PREPROCESSOR_DEFINITIONS = (
					"DEBUG=1",
					"$(inherited)",
				);
				GCC_WARN_64_TO_32_BIT_CONVERSION = YES;
				GCC_WARN_ABOUT_RETURN_TYPE = YES_ERROR;
				GCC_WARN_UNDECLARED_SELECTOR = YES;
				GCC_WARN_UNINITIALIZED_AUTOS = YES_AGGRESSIVE;
				GCC_WARN_UNUSED_FUNCTION = YES;
				GCC_WARN_UNUSED_VARIABLE = YES;
				IPHONEOS_DEPLOYMENT_TARGET = 13.1;
				MTL_ENABLE_DEBUG_INFO = INCLUDE_SOURCE;
				MTL_FAST_MATH = YES;
				ONLY_ACTIVE_ARCH = YES;
				SDKROOT = iphoneos;
				SWIFT_ACTIVE_COMPILATION_CONDITIONS = DEBUG;
				SWIFT_OPTIMIZATION_LEVEL = "-Onone";
			};
			name = Debug;
		};
		87C221ED23BF7060009DFB62 /* Release */ = {
			isa = XCBuildConfiguration;
			buildSettings = {
				ALWAYS_SEARCH_USER_PATHS = NO;
				CLANG_ANALYZER_NONNULL = YES;
				CLANG_ANALYZER_NUMBER_OBJECT_CONVERSION = YES_AGGRESSIVE;
				CLANG_CXX_LANGUAGE_STANDARD = "gnu++14";
				CLANG_CXX_LIBRARY = "libc++";
				CLANG_ENABLE_MODULES = YES;
				CLANG_ENABLE_OBJC_ARC = YES;
				CLANG_ENABLE_OBJC_WEAK = YES;
				CLANG_WARN_BLOCK_CAPTURE_AUTORELEASING = YES;
				CLANG_WARN_BOOL_CONVERSION = YES;
				CLANG_WARN_COMMA = YES;
				CLANG_WARN_CONSTANT_CONVERSION = YES;
				CLANG_WARN_DEPRECATED_OBJC_IMPLEMENTATIONS = YES;
				CLANG_WARN_DIRECT_OBJC_ISA_USAGE = YES_ERROR;
				CLANG_WARN_DOCUMENTATION_COMMENTS = YES;
				CLANG_WARN_EMPTY_BODY = YES;
				CLANG_WARN_ENUM_CONVERSION = YES;
				CLANG_WARN_INFINITE_RECURSION = YES;
				CLANG_WARN_INT_CONVERSION = YES;
				CLANG_WARN_NON_LITERAL_NULL_CONVERSION = YES;
				CLANG_WARN_OBJC_IMPLICIT_RETAIN_SELF = YES;
				CLANG_WARN_OBJC_LITERAL_CONVERSION = YES;
				CLANG_WARN_OBJC_ROOT_CLASS = YES_ERROR;
				CLANG_WARN_RANGE_LOOP_ANALYSIS = YES;
				CLANG_WARN_STRICT_PROTOTYPES = YES;
				CLANG_WARN_SUSPICIOUS_MOVE = YES;
				CLANG_WARN_UNGUARDED_AVAILABILITY = YES_AGGRESSIVE;
				CLANG_WARN_UNREACHABLE_CODE = YES;
				CLANG_WARN__DUPLICATE_METHOD_MATCH = YES;
				COPY_PHASE_STRIP = NO;
				DEBUG_INFORMATION_FORMAT = "dwarf-with-dsym";
				ENABLE_NS_ASSERTIONS = NO;
				ENABLE_STRICT_OBJC_MSGSEND = YES;
				GCC_C_LANGUAGE_STANDARD = gnu11;
				GCC_NO_COMMON_BLOCKS = YES;
				GCC_WARN_64_TO_32_BIT_CONVERSION = YES;
				GCC_WARN_ABOUT_RETURN_TYPE = YES_ERROR;
				GCC_WARN_UNDECLARED_SELECTOR = YES;
				GCC_WARN_UNINITIALIZED_AUTOS = YES_AGGRESSIVE;
				GCC_WARN_UNUSED_FUNCTION = YES;
				GCC_WARN_UNUSED_VARIABLE = YES;
				IPHONEOS_DEPLOYMENT_TARGET = 13.1;
				MTL_ENABLE_DEBUG_INFO = NO;
				MTL_FAST_MATH = YES;
				SDKROOT = iphoneos;
				SWIFT_COMPILATION_MODE = wholemodule;
				SWIFT_OPTIMIZATION_LEVEL = "-O";
				VALIDATE_PRODUCT = YES;
			};
			name = Release;
		};
		87C221EF23BF7060009DFB62 /* Debug */ = {
			isa = XCBuildConfiguration;
			baseConfigurationReference = DB8184CA880161FC519CA2BF /* Pods-DemoUsingCocoaPods_Practice.debug.xcconfig */;
			buildSettings = {
				ASSETCATALOG_COMPILER_APPICON_NAME = AppIcon;
				CODE_SIGN_STYLE = Automatic;
				INFOPLIST_FILE = DemoUsingCocoaPods_Practice/Info.plist;
				LD_RUNPATH_SEARCH_PATHS = (
					"$(inherited)",
					"@executable_path/Frameworks",
				);
				PRODUCT_BUNDLE_IDENTIFIER = "Nghia.DemoUsingCocoaPods-Practice";
				PRODUCT_NAME = "$(TARGET_NAME)";
				SWIFT_VERSION = 5.0;
				TARGETED_DEVICE_FAMILY = "1,2";
			};
			name = Debug;
		};
		87C221F023BF7060009DFB62 /* Release */ = {
			isa = XCBuildConfiguration;
			baseConfigurationReference = A4BFDA6214FEAD36E2D1F2D5 /* Pods-DemoUsingCocoaPods_Practice.release.xcconfig */;
			buildSettings = {
				ASSETCATALOG_COMPILER_APPICON_NAME = AppIcon;
				CODE_SIGN_STYLE = Automatic;
				INFOPLIST_FILE = DemoUsingCocoaPods_Practice/Info.plist;
				LD_RUNPATH_SEARCH_PATHS = (
					"$(inherited)",
					"@executable_path/Frameworks",
				);
				PRODUCT_BUNDLE_IDENTIFIER = "Nghia.DemoUsingCocoaPods-Practice";
				PRODUCT_NAME = "$(TARGET_NAME)";
				SWIFT_VERSION = 5.0;
				TARGETED_DEVICE_FAMILY = "1,2";
			};
			name = Release;
		};
/* End XCBuildConfiguration section */

/* Begin XCConfigurationList section */
		87C221D523BF705F009DFB62 /* Build configuration list for PBXProject "DemoUsingCocoaPods_Practice" */ = {
			isa = XCConfigurationList;
			buildConfigurations = (
				87C221EC23BF7060009DFB62 /* Debug */,
				87C221ED23BF7060009DFB62 /* Release */,
			);
			defaultConfigurationIsVisible = 0;
			defaultConfigurationName = Release;
		};
		87C221EE23BF7060009DFB62 /* Build configuration list for PBXNativeTarget "DemoUsingCocoaPods_Practice" */ = {
			isa = XCConfigurationList;
			buildConfigurations = (
				87C221EF23BF7060009DFB62 /* Debug */,
				87C221F023BF7060009DFB62 /* Release */,
			);
			defaultConfigurationIsVisible = 0;
			defaultConfigurationName = Release;
		};
/* End XCConfigurationList section */
	};
	rootObject = 87C221D223BF705F009DFB62 /* Project object */;
}
