// !$*UTF8*$!
{
	archiveVersion = 1;
	classes = {
	};
	objectVersion = 50;
	objects = {

/* Begin PBXBuildFile section */
		D3E2E9E12410B6B400D3554A /* AppDelegate.swift in Sources */ = {isa = PBXBuildFile; fileRef = D3E2E9E02410B6B400D3554A /* AppDelegate.swift */; };
		D3E2E9E32410B6B400D3554A /* SceneDelegate.swift in Sources */ = {isa = PBXBuildFile; fileRef = D3E2E9E22410B6B400D3554A /* SceneDelegate.swift */; };
		D3E2E9E52410B6B400D3554A /* ViewController.swift in Sources */ = {isa = PBXBuildFile; fileRef = D3E2E9E42410B6B400D3554A /* ViewController.swift */; };
		D3E2E9E82410B6B400D3554A /* Main.storyboard in Resources */ = {isa = PBXBuildFile; fileRef = D3E2E9E62410B6B400D3554A /* Main.storyboard */; };
		D3E2E9EA2410B6B400D3554A /* Assets.xcassets in Resources */ = {isa = PBXBuildFile; fileRef = D3E2E9E92410B6B400D3554A /* Assets.xcassets */; };
		D3E2E9ED2410B6B400D3554A /* LaunchScreen.storyboard in Resources */ = {isa = PBXBuildFile; fileRef = D3E2E9EB2410B6B400D3554A /* LaunchScreen.storyboard */; };
/* End PBXBuildFile section */

/* Begin PBXFileReference section */
		D3E2E9DD2410B6B400D3554A /* DemoErrorHandling.app */ = {isa = PBXFileReference; explicitFileType = wrapper.application; includeInIndex = 0; path = DemoErrorHandling.app; sourceTree = BUILT_PRODUCTS_DIR; };
		D3E2E9E02410B6B400D3554A /* AppDelegate.swift */ = {isa = PBXFileReference; lastKnownFileType = sourcecode.swift; path = AppDelegate.swift; sourceTree = "<group>"; };
		D3E2E9E22410B6B400D3554A /* SceneDelegate.swift */ = {isa = PBXFileReference; lastKnownFileType = sourcecode.swift; path = SceneDelegate.swift; sourceTree = "<group>"; };
		D3E2E9E42410B6B400D3554A /* ViewController.swift */ = {isa = PBXFileReference; lastKnownFileType = sourcecode.swift; path = ViewController.swift; sourceTree = "<group>"; };
		D3E2E9E72410B6B400D3554A /* Base */ = {isa = PBXFileReference; lastKnownFileType = file.storyboard; name = Base; path = Base.lproj/Main.storyboard; sourceTree = "<group>"; };
		D3E2E9E92410B6B400D3554A /* Assets.xcassets */ = {isa = PBXFileReference; lastKnownFileType = folder.assetcatalog; path = Assets.xcassets; sourceTree = "<group>"; };
		D3E2E9EC2410B6B400D3554A /* Base */ = {isa = PBXFileReference; lastKnownFileType = file.storyboard; name = Base; path = Base.lproj/LaunchScreen.storyboard; sourceTree = "<group>"; };
		D3E2E9EE2410B6B400D3554A /* Info.plist */ = {isa = PBXFileReference; lastKnownFileType = text.plist.xml; path = Info.plist; sourceTree = "<group>"; };
/* End PBXFileReference section */

/* Begin PBXFrameworksBuildPhase section */
		D3E2E9DA2410B6B400D3554A /* Frameworks */ = {
			isa = PBXFrameworksBuildPhase;
			buildActionMask = 2147483647;
			files = (
			);
			runOnlyForDeploymentPostprocessing = 0;
		};
/* End PBXFrameworksBuildPhase section */

/* Begin PBXGroup section */
		D3E2E9D42410B6B400D3554A = {
			isa = PBXGroup;
			children = (
				D3E2E9DF2410B6B400D3554A /* DemoErrorHandling */,
				D3E2E9DE2410B6B400D3554A /* Products */,
			);
			sourceTree = "<group>";
		};
		D3E2E9DE2410B6B400D3554A /* Products */ = {
			isa = PBXGroup;
			children = (
				D3E2E9DD2410B6B400D3554A /* DemoErrorHandling.app */,
			);
			name = Products;
			sourceTree = "<group>";
		};
		D3E2E9DF2410B6B400D3554A /* DemoErrorHandling */ = {
			isa = PBXGroup;
			children = (
				D3E2E9F42410B6BE00D3554A /* Playground */,
				D3E2E9E02410B6B400D3554A /* AppDelegate.swift */,
				D3E2E9E22410B6B400D3554A /* SceneDelegate.swift */,
				D3E2E9E42410B6B400D3554A /* ViewController.swift */,
				D3E2E9E62410B6B400D3554A /* Main.storyboard */,
				D3E2E9E92410B6B400D3554A /* Assets.xcassets */,
				D3E2E9EB2410B6B400D3554A /* LaunchScreen.storyboard */,
				D3E2E9EE2410B6B400D3554A /* Info.plist */,
			);
			path = DemoErrorHandling;
			sourceTree = "<group>";
		};
		D3E2E9F42410B6BE00D3554A /* Playground */ = {
			isa = PBXGroup;
			children = (
			);
			path = Playground;
			sourceTree = "<group>";
		};
/* End PBXGroup section */

/* Begin PBXNativeTarget section */
		D3E2E9DC2410B6B400D3554A /* DemoErrorHandling */ = {
			isa = PBXNativeTarget;
			buildConfigurationList = D3E2E9F12410B6B400D3554A /* Build configuration list for PBXNativeTarget "DemoErrorHandling" */;
			buildPhases = (
				D3E2E9D92410B6B400D3554A /* Sources */,
				D3E2E9DA2410B6B400D3554A /* Frameworks */,
				D3E2E9DB2410B6B400D3554A /* Resources */,
			);
			buildRules = (
			);
			dependencies = (
			);
			name = DemoErrorHandling;
			productName = DemoErrorHandling;
			productReference = D3E2E9DD2410B6B400D3554A /* DemoErrorHandling.app */;
			productType = "com.apple.product-type.application";
		};
/* End PBXNativeTarget section */

/* Begin PBXProject section */
		D3E2E9D52410B6B400D3554A /* Project object */ = {
			isa = PBXProject;
			attributes = {
				LastSwiftUpdateCheck = 1130;
				LastUpgradeCheck = 1130;
				ORGANIZATIONNAME = nghiadang1205;
				TargetAttributes = {
					D3E2E9DC2410B6B400D3554A = {
						CreatedOnToolsVersion = 11.3.1;
					};
				};
			};
			buildConfigurationList = D3E2E9D82410B6B400D3554A /* Build configuration list for PBXProject "DemoErrorHandling" */;
			compatibilityVersion = "Xcode 9.3";
			developmentRegion = en;
			hasScannedForEncodings = 0;
			knownRegions = (
				en,
				Base,
			);
			mainGroup = D3E2E9D42410B6B400D3554A;
			productRefGroup = D3E2E9DE2410B6B400D3554A /* Products */;
			projectDirPath = "";
			projectRoot = "";
			targets = (
				D3E2E9DC2410B6B400D3554A /* DemoErrorHandling */,
			);
		};
/* End PBXProject section */

/* Begin PBXResourcesBuildPhase section */
		D3E2E9DB2410B6B400D3554A /* Resources */ = {
			isa = PBXResourcesBuildPhase;
			buildActionMask = 2147483647;
			files = (
				D3E2E9ED2410B6B400D3554A /* LaunchScreen.storyboard in Resources */,
				D3E2E9EA2410B6B400D3554A /* Assets.xcassets in Resources */,
				D3E2E9E82410B6B400D3554A /* Main.storyboard in Resources */,
			);
			runOnlyForDeploymentPostprocessing = 0;
		};
/* End PBXResourcesBuildPhase section */

/* Begin PBXSourcesBuildPhase section */
		D3E2E9D92410B6B400D3554A /* Sources */ = {
			isa = PBXSourcesBuildPhase;
			buildActionMask = 2147483647;
			files = (
				D3E2E9E52410B6B400D3554A /* ViewController.swift in Sources */,
				D3E2E9E12410B6B400D3554A /* AppDelegate.swift in Sources */,
				D3E2E9E32410B6B400D3554A /* SceneDelegate.swift in Sources */,
			);
			runOnlyForDeploymentPostprocessing = 0;
		};
/* End PBXSourcesBuildPhase section */

/* Begin PBXVariantGroup section */
		D3E2E9E62410B6B400D3554A /* Main.storyboard */ = {
			isa = PBXVariantGroup;
			children = (
				D3E2E9E72410B6B400D3554A /* Base */,
			);
			name = Main.storyboard;
			sourceTree = "<group>";
		};
		D3E2E9EB2410B6B400D3554A /* LaunchScreen.storyboard */ = {
			isa = PBXVariantGroup;
			children = (
				D3E2E9EC2410B6B400D3554A /* Base */,
			);
			name = LaunchScreen.storyboard;
			sourceTree = "<group>";
		};
/* End PBXVariantGroup section */

/* Begin XCBuildConfiguration section */
		D3E2E9EF2410B6B400D3554A /* Debug */ = {
			isa = XCBuildConfiguration;
			buildSettings = {
				ALWAYS_SEARCH_USER_PATHS = NO;
				CLANG_ANALYZER_NONNULL = YES;
				CLANG_ANALYZER_NUMBER_OBJECT_CONVERSION = YES_AGGRESSIVE;
				CLANG_CXX_LANGUAGE_STANDARD = "gnu++14";
				CLANG_CXX_LIBRARY = "libc++";
				CLANG_ENABLE_MODULES = YES;
				CLANG_ENABLE_OBJC_ARC = YES;
				CLANG_ENABLE_OBJC_WEAK = YES;
				CLANG_WARN_BLOCK_CAPTURE_AUTORELEASING = YES;
				CLANG_WARN_BOOL_CONVERSION = YES;
				CLANG_WARN_COMMA = YES;
				CLANG_WARN_CONSTANT_CONVERSION = YES;
				CLANG_WARN_DEPRECATED_OBJC_IMPLEMENTATIONS = YES;
				CLANG_WARN_DIRECT_OBJC_ISA_USAGE = YES_ERROR;
				CLANG_WARN_DOCUMENTATION_COMMENTS = YES;
				CLANG_WARN_EMPTY_BODY = YES;
				CLANG_WARN_ENUM_CONVERSION = YES;
				CLANG_WARN_INFINITE_RECURSION = YES;
				CLANG_WARN_INT_CONVERSION = YES;
				CLANG_WARN_NON_LITERAL_NULL_CONVERSION = YES;
				CLANG_WARN_OBJC_IMPLICIT_RETAIN_SELF = YES;
				CLANG_WARN_OBJC_LITERAL_CONVERSION = YES;
				CLANG_WARN_OBJC_ROOT_CLASS = YES_ERROR;
				CLANG_WARN_RANGE_LOOP_ANALYSIS = YES;
				CLANG_WARN_STRICT_PROTOTYPES = YES;
				CLANG_WARN_SUSPICIOUS_MOVE = YES;
				CLANG_WARN_UNGUARDED_AVAILABILITY = YES_AGGRESSIVE;
				CLANG_WARN_UNREACHABLE_CODE = YES;
				CLANG_WARN__DUPLICATE_METHOD_MATCH = YES;
				COPY_PHASE_STRIP = NO;
				DEBUG_INFORMATION_FORMAT = dwarf;
				ENABLE_STRICT_OBJC_MSGSEND = YES;
				ENABLE_TESTABILITY = YES;
				GCC_C_LANGUAGE_STANDARD = gnu11;
				GCC_DYNAMIC_NO_PIC = NO;
				GCC_NO_COMMON_BLOCKS = YES;
				GCC_OPTIMIZATION_LEVEL = 0;
				GCC_PREPROCESSOR_DEFINITIONS = (
					"DEBUG=1",
					"$(inherited)",
				);
				GCC_WARN_64_TO_32_BIT_CONVERSION = YES;
				GCC_WARN_ABOUT_RETURN_TYPE = YES_ERROR;
				GCC_WARN_UNDECLARED_SELECTOR = YES;
				GCC_WARN_UNINITIALIZED_AUTOS = YES_AGGRESSIVE;
				GCC_WARN_UNUSED_FUNCTION = YES;
				GCC_WARN_UNUSED_VARIABLE = YES;
				IPHONEOS_DEPLOYMENT_TARGET = 13.2;
				MTL_ENABLE_DEBUG_INFO = INCLUDE_SOURCE;
				MTL_FAST_MATH = YES;
				ONLY_ACTIVE_ARCH = YES;
				SDKROOT = iphoneos;
				SWIFT_ACTIVE_COMPILATION_CONDITIONS = DEBUG;
				SWIFT_OPTIMIZATION_LEVEL = "-Onone";
			};
			name = Debug;
		};
		D3E2E9F02410B6B400D3554A /* Release */ = {
			isa = XCBuildConfiguration;
			buildSettings = {
				ALWAYS_SEARCH_USER_PATHS = NO;
				CLANG_ANALYZER_NONNULL = YES;
				CLANG_ANALYZER_NUMBER_OBJECT_CONVERSION = YES_AGGRESSIVE;
				CLANG_CXX_LANGUAGE_STANDARD = "gnu++14";
				CLANG_CXX_LIBRARY = "libc++";
				CLANG_ENABLE_MODULES = YES;
				CLANG_ENABLE_OBJC_ARC = YES;
				CLANG_ENABLE_OBJC_WEAK = YES;
				CLANG_WARN_BLOCK_CAPTURE_AUTORELEASING = YES;
				CLANG_WARN_BOOL_CONVERSION = YES;
				CLANG_WARN_COMMA = YES;
				CLANG_WARN_CONSTANT_CONVERSION = YES;
				CLANG_WARN_DEPRECATED_OBJC_IMPLEMENTATIONS = YES;
				CLANG_WARN_DIRECT_OBJC_ISA_USAGE = YES_ERROR;
				CLANG_WARN_DOCUMENTATION_COMMENTS = YES;
				CLANG_WARN_EMPTY_BODY = YES;
				CLANG_WARN_ENUM_CONVERSION = YES;
				CLANG_WARN_INFINITE_RECURSION = YES;
				CLANG_WARN_INT_CONVERSION = YES;
				CLANG_WARN_NON_LITERAL_NULL_CONVERSION = YES;
				CLANG_WARN_OBJC_IMPLICIT_RETAIN_SELF = YES;
				CLANG_WARN_OBJC_LITERAL_CONVERSION = YES;
				CLANG_WARN_OBJC_ROOT_CLASS = YES_ERROR;
				CLANG_WARN_RANGE_LOOP_ANALYSIS = YES;
				CLANG_WARN_STRICT_PROTOTYPES = YES;
				CLANG_WARN_SUSPICIOUS_MOVE = YES;
				CLANG_WARN_UNGUARDED_AVAILABILITY = YES_AGGRESSIVE;
				CLANG_WARN_UNREACHABLE_CODE = YES;
				CLANG_WARN__DUPLICATE_METHOD_MATCH = YES;
				COPY_PHASE_STRIP = NO;
				DEBUG_INFORMATION_FORMAT = "dwarf-with-dsym";
				ENABLE_NS_ASSERTIONS = NO;
				ENABLE_STRICT_OBJC_MSGSEND = YES;
				GCC_C_LANGUAGE_STANDARD = gnu11;
				GCC_NO_COMMON_BLOCKS = YES;
				GCC_WARN_64_TO_32_BIT_CONVERSION = YES;
				GCC_WARN_ABOUT_RETURN_TYPE = YES_ERROR;
				GCC_WARN_UNDECLARED_SELECTOR = YES;
				GCC_WARN_UNINITIALIZED_AUTOS = YES_AGGRESSIVE;
				GCC_WARN_UNUSED_FUNCTION = YES;
				GCC_WARN_UNUSED_VARIABLE = YES;
				IPHONEOS_DEPLOYMENT_TARGET = 13.2;
				MTL_ENABLE_DEBUG_INFO = NO;
				MTL_FAST_MATH = YES;
				SDKROOT = iphoneos;
				SWIFT_COMPILATION_MODE = wholemodule;
				SWIFT_OPTIMIZATION_LEVEL = "-O";
				VALIDATE_PRODUCT = YES;
			};
			name = Release;
		};
		D3E2E9F22410B6B400D3554A /* Debug */ = {
			isa = XCBuildConfiguration;
			buildSettings = {
				ASSETCATALOG_COMPILER_APPICON_NAME = AppIcon;
				CODE_SIGN_STYLE = Automatic;
				INFOPLIST_FILE = DemoErrorHandling/Info.plist;
				LD_RUNPATH_SEARCH_PATHS = (
					"$(inherited)",
					"@executable_path/Frameworks",
				);
				PRODUCT_BUNDLE_IDENTIFIER = nghiadang1205.DemoErrorHandling;
				PRODUCT_NAME = "$(TARGET_NAME)";
				SWIFT_VERSION = 5.0;
				TARGETED_DEVICE_FAMILY = "1,2";
			};
			name = Debug;
		};
		D3E2E9F32410B6B400D3554A /* Release */ = {
			isa = XCBuildConfiguration;
			buildSettings = {
				ASSETCATALOG_COMPILER_APPICON_NAME = AppIcon;
				CODE_SIGN_STYLE = Automatic;
				INFOPLIST_FILE = DemoErrorHandling/Info.plist;
				LD_RUNPATH_SEARCH_PATHS = (
					"$(inherited)",
					"@executable_path/Frameworks",
				);
				PRODUCT_BUNDLE_IDENTIFIER = nghiadang1205.DemoErrorHandling;
				PRODUCT_NAME = "$(TARGET_NAME)";
				SWIFT_VERSION = 5.0;
				TARGETED_DEVICE_FAMILY = "1,2";
			};
			name = Release;
		};
/* End XCBuildConfiguration section */

/* Begin XCConfigurationList section */
		D3E2E9D82410B6B400D3554A /* Build configuration list for PBXProject "DemoErrorHandling" */ = {
			isa = XCConfigurationList;
			buildConfigurations = (
				D3E2E9EF2410B6B400D3554A /* Debug */,
				D3E2E9F02410B6B400D3554A /* Release */,
			);
			defaultConfigurationIsVisible = 0;
			defaultConfigurationName = Release;
		};
		D3E2E9F12410B6B400D3554A /* Build configuration list for PBXNativeTarget "DemoErrorHandling" */ = {
			isa = XCConfigurationList;
			buildConfigurations = (
				D3E2E9F22410B6B400D3554A /* Debug */,
				D3E2E9F32410B6B400D3554A /* Release */,
			);
			defaultConfigurationIsVisible = 0;
			defaultConfigurationName = Release;
		};
/* End XCConfigurationList section */
	};
	rootObject = D3E2E9D52410B6B400D3554A /* Project object */;
}
