// !$*UTF8*$!
{
	archiveVersion = 1;
	classes = {
	};
	objectVersion = 50;
	objects = {

/* Begin PBXBuildFile section */
		D3EB22602403EA9E00A38BE0 /* AppDelegate.swift in Sources */ = {isa = PBXBuildFile; fileRef = D3EB225F2403EA9E00A38BE0 /* AppDelegate.swift */; };
		D3EB22622403EA9E00A38BE0 /* SceneDelegate.swift in Sources */ = {isa = PBXBuildFile; fileRef = D3EB22612403EA9E00A38BE0 /* SceneDelegate.swift */; };
		D3EB22642403EA9E00A38BE0 /* ViewController.swift in Sources */ = {isa = PBXBuildFile; fileRef = D3EB22632403EA9E00A38BE0 /* ViewController.swift */; };
		D3EB22672403EA9E00A38BE0 /* Main.storyboard in Resources */ = {isa = PBXBuildFile; fileRef = D3EB22652403EA9E00A38BE0 /* Main.storyboard */; };
		D3EB22692403EA9F00A38BE0 /* Assets.xcassets in Resources */ = {isa = PBXBuildFile; fileRef = D3EB22682403EA9F00A38BE0 /* Assets.xcassets */; };
		D3EB226C2403EA9F00A38BE0 /* LaunchScreen.storyboard in Resources */ = {isa = PBXBuildFile; fileRef = D3EB226A2403EA9F00A38BE0 /* LaunchScreen.storyboard */; };
		D3EB22752403EADA00A38BE0 /* MyDataModel.xcdatamodeld in Sources */ = {isa = PBXBuildFile; fileRef = D3EB22732403EADA00A38BE0 /* MyDataModel.xcdatamodeld */; };
		D3EB227724040D5A00A38BE0 /* ViewController2.swift in Sources */ = {isa = PBXBuildFile; fileRef = D3EB227624040D5A00A38BE0 /* ViewController2.swift */; };
/* End PBXBuildFile section */

/* Begin PBXFileReference section */
		D3EB225C2403EA9E00A38BE0 /* DemoUsingCoreData2.app */ = {isa = PBXFileReference; explicitFileType = wrapper.application; includeInIndex = 0; path = DemoUsingCoreData2.app; sourceTree = BUILT_PRODUCTS_DIR; };
		D3EB225F2403EA9E00A38BE0 /* AppDelegate.swift */ = {isa = PBXFileReference; lastKnownFileType = sourcecode.swift; path = AppDelegate.swift; sourceTree = "<group>"; };
		D3EB22612403EA9E00A38BE0 /* SceneDelegate.swift */ = {isa = PBXFileReference; lastKnownFileType = sourcecode.swift; path = SceneDelegate.swift; sourceTree = "<group>"; };
		D3EB22632403EA9E00A38BE0 /* ViewController.swift */ = {isa = PBXFileReference; lastKnownFileType = sourcecode.swift; path = ViewController.swift; sourceTree = "<group>"; };
		D3EB22662403EA9E00A38BE0 /* Base */ = {isa = PBXFileReference; lastKnownFileType = file.storyboard; name = Base; path = Base.lproj/Main.storyboard; sourceTree = "<group>"; };
		D3EB22682403EA9F00A38BE0 /* Assets.xcassets */ = {isa = PBXFileReference; lastKnownFileType = folder.assetcatalog; path = Assets.xcassets; sourceTree = "<group>"; };
		D3EB226B2403EA9F00A38BE0 /* Base */ = {isa = PBXFileReference; lastKnownFileType = file.storyboard; name = Base; path = Base.lproj/LaunchScreen.storyboard; sourceTree = "<group>"; };
		D3EB226D2403EA9F00A38BE0 /* Info.plist */ = {isa = PBXFileReference; lastKnownFileType = text.plist.xml; path = Info.plist; sourceTree = "<group>"; };
		D3EB22742403EADA00A38BE0 /* MyDataModel.xcdatamodel */ = {isa = PBXFileReference; lastKnownFileType = wrapper.xcdatamodel; path = MyDataModel.xcdatamodel; sourceTree = "<group>"; };
		D3EB227624040D5A00A38BE0 /* ViewController2.swift */ = {isa = PBXFileReference; lastKnownFileType = sourcecode.swift; path = ViewController2.swift; sourceTree = "<group>"; };
/* End PBXFileReference section */

/* Begin PBXFrameworksBuildPhase section */
		D3EB22592403EA9E00A38BE0 /* Frameworks */ = {
			isa = PBXFrameworksBuildPhase;
			buildActionMask = 2147483647;
			files = (
			);
			runOnlyForDeploymentPostprocessing = 0;
		};
/* End PBXFrameworksBuildPhase section */

/* Begin PBXGroup section */
		D3EB22532403EA9E00A38BE0 = {
			isa = PBXGroup;
			children = (
				D3EB225E2403EA9E00A38BE0 /* DemoUsingCoreData2 */,
				D3EB225D2403EA9E00A38BE0 /* Products */,
			);
			sourceTree = "<group>";
		};
		D3EB225D2403EA9E00A38BE0 /* Products */ = {
			isa = PBXGroup;
			children = (
				D3EB225C2403EA9E00A38BE0 /* DemoUsingCoreData2.app */,
			);
			name = Products;
			sourceTree = "<group>";
		};
		D3EB225E2403EA9E00A38BE0 /* DemoUsingCoreData2 */ = {
			isa = PBXGroup;
			children = (
				D3EB225F2403EA9E00A38BE0 /* AppDelegate.swift */,
				D3EB22612403EA9E00A38BE0 /* SceneDelegate.swift */,
				D3EB22632403EA9E00A38BE0 /* ViewController.swift */,
				D3EB22652403EA9E00A38BE0 /* Main.storyboard */,
				D3EB22682403EA9F00A38BE0 /* Assets.xcassets */,
				D3EB226A2403EA9F00A38BE0 /* LaunchScreen.storyboard */,
				D3EB226D2403EA9F00A38BE0 /* Info.plist */,
				D3EB22732403EADA00A38BE0 /* MyDataModel.xcdatamodeld */,
				D3EB227624040D5A00A38BE0 /* ViewController2.swift */,
			);
			path = DemoUsingCoreData2;
			sourceTree = "<group>";
		};
/* End PBXGroup section */

/* Begin PBXNativeTarget section */
		D3EB225B2403EA9E00A38BE0 /* DemoUsingCoreData2 */ = {
			isa = PBXNativeTarget;
			buildConfigurationList = D3EB22702403EA9F00A38BE0 /* Build configuration list for PBXNativeTarget "DemoUsingCoreData2" */;
			buildPhases = (
				D3EB22582403EA9E00A38BE0 /* Sources */,
				D3EB22592403EA9E00A38BE0 /* Frameworks */,
				D3EB225A2403EA9E00A38BE0 /* Resources */,
			);
			buildRules = (
			);
			dependencies = (
			);
			name = DemoUsingCoreData2;
			productName = DemoUsingCoreData2;
			productReference = D3EB225C2403EA9E00A38BE0 /* DemoUsingCoreData2.app */;
			productType = "com.apple.product-type.application";
		};
/* End PBXNativeTarget section */

/* Begin PBXProject section */
		D3EB22542403EA9E00A38BE0 /* Project object */ = {
			isa = PBXProject;
			attributes = {
				LastSwiftUpdateCheck = 1130;
				LastUpgradeCheck = 1130;
				ORGANIZATIONNAME = nghiadang1205;
				TargetAttributes = {
					D3EB225B2403EA9E00A38BE0 = {
						CreatedOnToolsVersion = 11.3.1;
					};
				};
			};
			buildConfigurationList = D3EB22572403EA9E00A38BE0 /* Build configuration list for PBXProject "DemoUsingCoreData2" */;
			compatibilityVersion = "Xcode 9.3";
			developmentRegion = en;
			hasScannedForEncodings = 0;
			knownRegions = (
				en,
				Base,
			);
			mainGroup = D3EB22532403EA9E00A38BE0;
			productRefGroup = D3EB225D2403EA9E00A38BE0 /* Products */;
			projectDirPath = "";
			projectRoot = "";
			targets = (
				D3EB225B2403EA9E00A38BE0 /* DemoUsingCoreData2 */,
			);
		};
/* End PBXProject section */

/* Begin PBXResourcesBuildPhase section */
		D3EB225A2403EA9E00A38BE0 /* Resources */ = {
			isa = PBXResourcesBuildPhase;
			buildActionMask = 2147483647;
			files = (
				D3EB226C2403EA9F00A38BE0 /* LaunchScreen.storyboard in Resources */,
				D3EB22692403EA9F00A38BE0 /* Assets.xcassets in Resources */,
				D3EB22672403EA9E00A38BE0 /* Main.storyboard in Resources */,
			);
			runOnlyForDeploymentPostprocessing = 0;
		};
/* End PBXResourcesBuildPhase section */

/* Begin PBXSourcesBuildPhase section */
		D3EB22582403EA9E00A38BE0 /* Sources */ = {
			isa = PBXSourcesBuildPhase;
			buildActionMask = 2147483647;
			files = (
				D3EB227724040D5A00A38BE0 /* ViewController2.swift in Sources */,
				D3EB22642403EA9E00A38BE0 /* ViewController.swift in Sources */,
				D3EB22752403EADA00A38BE0 /* MyDataModel.xcdatamodeld in Sources */,
				D3EB22602403EA9E00A38BE0 /* AppDelegate.swift in Sources */,
				D3EB22622403EA9E00A38BE0 /* SceneDelegate.swift in Sources */,
			);
			runOnlyForDeploymentPostprocessing = 0;
		};
/* End PBXSourcesBuildPhase section */

/* Begin PBXVariantGroup section */
		D3EB22652403EA9E00A38BE0 /* Main.storyboard */ = {
			isa = PBXVariantGroup;
			children = (
				D3EB22662403EA9E00A38BE0 /* Base */,
			);
			name = Main.storyboard;
			sourceTree = "<group>";
		};
		D3EB226A2403EA9F00A38BE0 /* LaunchScreen.storyboard */ = {
			isa = PBXVariantGroup;
			children = (
				D3EB226B2403EA9F00A38BE0 /* Base */,
			);
			name = LaunchScreen.storyboard;
			sourceTree = "<group>";
		};
/* End PBXVariantGroup section */

/* Begin XCBuildConfiguration section */
		D3EB226E2403EA9F00A38BE0 /* Debug */ = {
			isa = XCBuildConfiguration;
			buildSettings = {
				ALWAYS_SEARCH_USER_PATHS = NO;
				CLANG_ANALYZER_NONNULL = YES;
				CLANG_ANALYZER_NUMBER_OBJECT_CONVERSION = YES_AGGRESSIVE;
				CLANG_CXX_LANGUAGE_STANDARD = "gnu++14";
				CLANG_CXX_LIBRARY = "libc++";
				CLANG_ENABLE_MODULES = YES;
				CLANG_ENABLE_OBJC_ARC = YES;
				CLANG_ENABLE_OBJC_WEAK = YES;
				CLANG_WARN_BLOCK_CAPTURE_AUTORELEASING = YES;
				CLANG_WARN_BOOL_CONVERSION = YES;
				CLANG_WARN_COMMA = YES;
				CLANG_WARN_CONSTANT_CONVERSION = YES;
				CLANG_WARN_DEPRECATED_OBJC_IMPLEMENTATIONS = YES;
				CLANG_WARN_DIRECT_OBJC_ISA_USAGE = YES_ERROR;
				CLANG_WARN_DOCUMENTATION_COMMENTS = YES;
				CLANG_WARN_EMPTY_BODY = YES;
				CLANG_WARN_ENUM_CONVERSION = YES;
				CLANG_WARN_INFINITE_RECURSION = YES;
				CLANG_WARN_INT_CONVERSION = YES;
				CLANG_WARN_NON_LITERAL_NULL_CONVERSION = YES;
				CLANG_WARN_OBJC_IMPLICIT_RETAIN_SELF = YES;
				CLANG_WARN_OBJC_LITERAL_CONVERSION = YES;
				CLANG_WARN_OBJC_ROOT_CLASS = YES_ERROR;
				CLANG_WARN_RANGE_LOOP_ANALYSIS = YES;
				CLANG_WARN_STRICT_PROTOTYPES = YES;
				CLANG_WARN_SUSPICIOUS_MOVE = YES;
				CLANG_WARN_UNGUARDED_AVAILABILITY = YES_AGGRESSIVE;
				CLANG_WARN_UNREACHABLE_CODE = YES;
				CLANG_WARN__DUPLICATE_METHOD_MATCH = YES;
				COPY_PHASE_STRIP = NO;
				DEBUG_INFORMATION_FORMAT = dwarf;
				ENABLE_STRICT_OBJC_MSGSEND = YES;
				ENABLE_TESTABILITY = YES;
				GCC_C_LANGUAGE_STANDARD = gnu11;
				GCC_DYNAMIC_NO_PIC = NO;
				GCC_NO_COMMON_BLOCKS = YES;
				GCC_OPTIMIZATION_LEVEL = 0;
				GCC_PREPROCESSOR_DEFINITIONS = (
					"DEBUG=1",
					"$(inherited)",
				);
				GCC_WARN_64_TO_32_BIT_CONVERSION = YES;
				GCC_WARN_ABOUT_RETURN_TYPE = YES_ERROR;
				GCC_WARN_UNDECLARED_SELECTOR = YES;
				GCC_WARN_UNINITIALIZED_AUTOS = YES_AGGRESSIVE;
				GCC_WARN_UNUSED_FUNCTION = YES;
				GCC_WARN_UNUSED_VARIABLE = YES;
				IPHONEOS_DEPLOYMENT_TARGET = 13.2;
				MTL_ENABLE_DEBUG_INFO = INCLUDE_SOURCE;
				MTL_FAST_MATH = YES;
				ONLY_ACTIVE_ARCH = YES;
				SDKROOT = iphoneos;
				SWIFT_ACTIVE_COMPILATION_CONDITIONS = DEBUG;
				SWIFT_OPTIMIZATION_LEVEL = "-Onone";
			};
			name = Debug;
		};
		D3EB226F2403EA9F00A38BE0 /* Release */ = {
			isa = XCBuildConfiguration;
			buildSettings = {
				ALWAYS_SEARCH_USER_PATHS = NO;
				CLANG_ANALYZER_NONNULL = YES;
				CLANG_ANALYZER_NUMBER_OBJECT_CONVERSION = YES_AGGRESSIVE;
				CLANG_CXX_LANGUAGE_STANDARD = "gnu++14";
				CLANG_CXX_LIBRARY = "libc++";
				CLANG_ENABLE_MODULES = YES;
				CLANG_ENABLE_OBJC_ARC = YES;
				CLANG_ENABLE_OBJC_WEAK = YES;
				CLANG_WARN_BLOCK_CAPTURE_AUTORELEASING = YES;
				CLANG_WARN_BOOL_CONVERSION = YES;
				CLANG_WARN_COMMA = YES;
				CLANG_WARN_CONSTANT_CONVERSION = YES;
				CLANG_WARN_DEPRECATED_OBJC_IMPLEMENTATIONS = YES;
				CLANG_WARN_DIRECT_OBJC_ISA_USAGE = YES_ERROR;
				CLANG_WARN_DOCUMENTATION_COMMENTS = YES;
				CLANG_WARN_EMPTY_BODY = YES;
				CLANG_WARN_ENUM_CONVERSION = YES;
				CLANG_WARN_INFINITE_RECURSION = YES;
				CLANG_WARN_INT_CONVERSION = YES;
				CLANG_WARN_NON_LITERAL_NULL_CONVERSION = YES;
				CLANG_WARN_OBJC_IMPLICIT_RETAIN_SELF = YES;
				CLANG_WARN_OBJC_LITERAL_CONVERSION = YES;
				CLANG_WARN_OBJC_ROOT_CLASS = YES_ERROR;
				CLANG_WARN_RANGE_LOOP_ANALYSIS = YES;
				CLANG_WARN_STRICT_PROTOTYPES = YES;
				CLANG_WARN_SUSPICIOUS_MOVE = YES;
				CLANG_WARN_UNGUARDED_AVAILABILITY = YES_AGGRESSIVE;
				CLANG_WARN_UNREACHABLE_CODE = YES;
				CLANG_WARN__DUPLICATE_METHOD_MATCH = YES;
				COPY_PHASE_STRIP = NO;
				DEBUG_INFORMATION_FORMAT = "dwarf-with-dsym";
				ENABLE_NS_ASSERTIONS = NO;
				ENABLE_STRICT_OBJC_MSGSEND = YES;
				GCC_C_LANGUAGE_STANDARD = gnu11;
				GCC_NO_COMMON_BLOCKS = YES;
				GCC_WARN_64_TO_32_BIT_CONVERSION = YES;
				GCC_WARN_ABOUT_RETURN_TYPE = YES_ERROR;
				GCC_WARN_UNDECLARED_SELECTOR = YES;
				GCC_WARN_UNINITIALIZED_AUTOS = YES_AGGRESSIVE;
				GCC_WARN_UNUSED_FUNCTION = YES;
				GCC_WARN_UNUSED_VARIABLE = YES;
				IPHONEOS_DEPLOYMENT_TARGET = 13.2;
				MTL_ENABLE_DEBUG_INFO = NO;
				MTL_FAST_MATH = YES;
				SDKROOT = iphoneos;
				SWIFT_COMPILATION_MODE = wholemodule;
				SWIFT_OPTIMIZATION_LEVEL = "-O";
				VALIDATE_PRODUCT = YES;
			};
			name = Release;
		};
		D3EB22712403EA9F00A38BE0 /* Debug */ = {
			isa = XCBuildConfiguration;
			buildSettings = {
				ASSETCATALOG_COMPILER_APPICON_NAME = AppIcon;
				CODE_SIGN_STYLE = Automatic;
				INFOPLIST_FILE = DemoUsingCoreData2/Info.plist;
				LD_RUNPATH_SEARCH_PATHS = (
					"$(inherited)",
					"@executable_path/Frameworks",
				);
				PRODUCT_BUNDLE_IDENTIFIER = nghiadang1205.DemoUsingCoreData2;
				PRODUCT_NAME = "$(TARGET_NAME)";
				SWIFT_VERSION = 5.0;
				TARGETED_DEVICE_FAMILY = "1,2";
			};
			name = Debug;
		};
		D3EB22722403EA9F00A38BE0 /* Release */ = {
			isa = XCBuildConfiguration;
			buildSettings = {
				ASSETCATALOG_COMPILER_APPICON_NAME = AppIcon;
				CODE_SIGN_STYLE = Automatic;
				INFOPLIST_FILE = DemoUsingCoreData2/Info.plist;
				LD_RUNPATH_SEARCH_PATHS = (
					"$(inherited)",
					"@executable_path/Frameworks",
				);
				PRODUCT_BUNDLE_IDENTIFIER = nghiadang1205.DemoUsingCoreData2;
				PRODUCT_NAME = "$(TARGET_NAME)";
				SWIFT_VERSION = 5.0;
				TARGETED_DEVICE_FAMILY = "1,2";
			};
			name = Release;
		};
/* End XCBuildConfiguration section */

/* Begin XCConfigurationList section */
		D3EB22572403EA9E00A38BE0 /* Build configuration list for PBXProject "DemoUsingCoreData2" */ = {
			isa = XCConfigurationList;
			buildConfigurations = (
				D3EB226E2403EA9F00A38BE0 /* Debug */,
				D3EB226F2403EA9F00A38BE0 /* Release */,
			);
			defaultConfigurationIsVisible = 0;
			defaultConfigurationName = Release;
		};
		D3EB22702403EA9F00A38BE0 /* Build configuration list for PBXNativeTarget "DemoUsingCoreData2" */ = {
			isa = XCConfigurationList;
			buildConfigurations = (
				D3EB22712403EA9F00A38BE0 /* Debug */,
				D3EB22722403EA9F00A38BE0 /* Release */,
			);
			defaultConfigurationIsVisible = 0;
			defaultConfigurationName = Release;
		};
/* End XCConfigurationList section */

/* Begin XCVersionGroup section */
		D3EB22732403EADA00A38BE0 /* MyDataModel.xcdatamodeld */ = {
			isa = XCVersionGroup;
			children = (
				D3EB22742403EADA00A38BE0 /* MyDataModel.xcdatamodel */,
			);
			currentVersion = D3EB22742403EADA00A38BE0 /* MyDataModel.xcdatamodel */;
			path = MyDataModel.xcdatamodeld;
			sourceTree = "<group>";
			versionGroupType = wrapper.xcdatamodel;
		};
/* End XCVersionGroup section */
	};
	rootObject = D3EB22542403EA9E00A38BE0 /* Project object */;
}
