// !$*UTF8*$!
{
	archiveVersion = 1;
	classes = {
	};
	objectVersion = 50;
	objects = {

/* Begin PBXBuildFile section */
		87290ED523A3ADA30007AA5F /* AppDelegate.swift in Sources */ = {isa = PBXBuildFile; fileRef = 87290ED423A3ADA30007AA5F /* AppDelegate.swift */; };
		87290ED723A3ADA30007AA5F /* SceneDelegate.swift in Sources */ = {isa = PBXBuildFile; fileRef = 87290ED623A3ADA30007AA5F /* SceneDelegate.swift */; };
		87290ED923A3ADA30007AA5F /* ViewController.swift in Sources */ = {isa = PBXBuildFile; fileRef = 87290ED823A3ADA30007AA5F /* ViewController.swift */; };
		87290EDC23A3ADA30007AA5F /* Main.storyboard in Resources */ = {isa = PBXBuildFile; fileRef = 87290EDA23A3ADA30007AA5F /* Main.storyboard */; };
		87290EDE23A3ADA40007AA5F /* Assets.xcassets in Resources */ = {isa = PBXBuildFile; fileRef = 87290EDD23A3ADA40007AA5F /* Assets.xcassets */; };
		87290EE123A3ADA40007AA5F /* LaunchScreen.storyboard in Resources */ = {isa = PBXBuildFile; fileRef = 87290EDF23A3ADA40007AA5F /* LaunchScreen.storyboard */; };
		87FA812923A7A4C800D0987F /* ViewController2.swift in Sources */ = {isa = PBXBuildFile; fileRef = 87FA812823A7A4C800D0987F /* ViewController2.swift */; };
		87FA812F23A7B4C700D0987F /* AVFoundation.framework in Frameworks */ = {isa = PBXBuildFile; fileRef = 87FA812E23A7B4C700D0987F /* AVFoundation.framework */; };
		87FA813323A7B51600D0987F /* If_I_Had_a_Chicken.mp3 in Resources */ = {isa = PBXBuildFile; fileRef = 87FA813223A7B51600D0987F /* If_I_Had_a_Chicken.mp3 */; };
		87FA813523A7B52E00D0987F /* ViewController3.swift in Sources */ = {isa = PBXBuildFile; fileRef = 87FA813423A7B52E00D0987F /* ViewController3.swift */; };
		87FA813723A7B5C400D0987F /* SampleVideo_1280x720_1mb.mp4 in Resources */ = {isa = PBXBuildFile; fileRef = 87FA813623A7B5C400D0987F /* SampleVideo_1280x720_1mb.mp4 */; };
		87FA813923A7BC0B00D0987F /* ViewController4.swift in Sources */ = {isa = PBXBuildFile; fileRef = 87FA813823A7BC0B00D0987F /* ViewController4.swift */; };
		87FA814123A7BEEC00D0987F /* previous-icon.png in Resources */ = {isa = PBXBuildFile; fileRef = 87FA813B23A7BEEB00D0987F /* previous-icon.png */; };
		87FA814223A7BEEC00D0987F /* play-icon.png in Resources */ = {isa = PBXBuildFile; fileRef = 87FA813C23A7BEEB00D0987F /* play-icon.png */; };
		87FA814323A7BEEC00D0987F /* next-icon.png in Resources */ = {isa = PBXBuildFile; fileRef = 87FA813D23A7BEEB00D0987F /* next-icon.png */; };
		87FA814423A7BEEC00D0987F /* pause-icon.png in Resources */ = {isa = PBXBuildFile; fileRef = 87FA813E23A7BEEB00D0987F /* pause-icon.png */; };
		87FA814523A7BEEC00D0987F /* stop-icon.png in Resources */ = {isa = PBXBuildFile; fileRef = 87FA813F23A7BEEB00D0987F /* stop-icon.png */; };
		87FA814623A7BEEC00D0987F /* loop-icon.png in Resources */ = {isa = PBXBuildFile; fileRef = 87FA814023A7BEEC00D0987F /* loop-icon.png */; };
		87FA814923A7C7E600D0987F /* ViewController5.swift in Sources */ = {isa = PBXBuildFile; fileRef = 87FA814823A7C7E600D0987F /* ViewController5.swift */; };
		87FA814B23A7C8B600D0987F /* AVKit.framework in Frameworks */ = {isa = PBXBuildFile; fileRef = 87FA814A23A7C8B600D0987F /* AVKit.framework */; };
/* End PBXBuildFile section */

/* Begin PBXFileReference section */
		87290ED123A3ADA30007AA5F /* FileDemo.app */ = {isa = PBXFileReference; explicitFileType = wrapper.application; includeInIndex = 0; path = FileDemo.app; sourceTree = BUILT_PRODUCTS_DIR; };
		87290ED423A3ADA30007AA5F /* AppDelegate.swift */ = {isa = PBXFileReference; lastKnownFileType = sourcecode.swift; path = AppDelegate.swift; sourceTree = "<group>"; };
		87290ED623A3ADA30007AA5F /* SceneDelegate.swift */ = {isa = PBXFileReference; lastKnownFileType = sourcecode.swift; path = SceneDelegate.swift; sourceTree = "<group>"; };
		87290ED823A3ADA30007AA5F /* ViewController.swift */ = {isa = PBXFileReference; lastKnownFileType = sourcecode.swift; path = ViewController.swift; sourceTree = "<group>"; };
		87290EDB23A3ADA30007AA5F /* Base */ = {isa = PBXFileReference; lastKnownFileType = file.storyboard; name = Base; path = Base.lproj/Main.storyboard; sourceTree = "<group>"; };
		87290EDD23A3ADA40007AA5F /* Assets.xcassets */ = {isa = PBXFileReference; lastKnownFileType = folder.assetcatalog; path = Assets.xcassets; sourceTree = "<group>"; };
		87290EE023A3ADA40007AA5F /* Base */ = {isa = PBXFileReference; lastKnownFileType = file.storyboard; name = Base; path = Base.lproj/LaunchScreen.storyboard; sourceTree = "<group>"; };
		87290EE223A3ADA40007AA5F /* Info.plist */ = {isa = PBXFileReference; lastKnownFileType = text.plist.xml; path = Info.plist; sourceTree = "<group>"; };
		87FA812823A7A4C800D0987F /* ViewController2.swift */ = {isa = PBXFileReference; lastKnownFileType = sourcecode.swift; path = ViewController2.swift; sourceTree = "<group>"; };
		87FA812E23A7B4C700D0987F /* AVFoundation.framework */ = {isa = PBXFileReference; lastKnownFileType = wrapper.framework; name = AVFoundation.framework; path = System/Library/Frameworks/AVFoundation.framework; sourceTree = SDKROOT; };
		87FA813223A7B51600D0987F /* If_I_Had_a_Chicken.mp3 */ = {isa = PBXFileReference; lastKnownFileType = audio.mp3; path = If_I_Had_a_Chicken.mp3; sourceTree = "<group>"; };
		87FA813423A7B52E00D0987F /* ViewController3.swift */ = {isa = PBXFileReference; lastKnownFileType = sourcecode.swift; path = ViewController3.swift; sourceTree = "<group>"; };
		87FA813623A7B5C400D0987F /* SampleVideo_1280x720_1mb.mp4 */ = {isa = PBXFileReference; lastKnownFileType = file; path = SampleVideo_1280x720_1mb.mp4; sourceTree = "<group>"; };
		87FA813823A7BC0B00D0987F /* ViewController4.swift */ = {isa = PBXFileReference; lastKnownFileType = sourcecode.swift; path = ViewController4.swift; sourceTree = "<group>"; };
		87FA813B23A7BEEB00D0987F /* previous-icon.png */ = {isa = PBXFileReference; lastKnownFileType = image.png; path = "previous-icon.png"; sourceTree = "<group>"; };
		87FA813C23A7BEEB00D0987F /* play-icon.png */ = {isa = PBXFileReference; lastKnownFileType = image.png; path = "play-icon.png"; sourceTree = "<group>"; };
		87FA813D23A7BEEB00D0987F /* next-icon.png */ = {isa = PBXFileReference; lastKnownFileType = image.png; path = "next-icon.png"; sourceTree = "<group>"; };
		87FA813E23A7BEEB00D0987F /* pause-icon.png */ = {isa = PBXFileReference; lastKnownFileType = image.png; path = "pause-icon.png"; sourceTree = "<group>"; };
		87FA813F23A7BEEB00D0987F /* stop-icon.png */ = {isa = PBXFileReference; lastKnownFileType = image.png; path = "stop-icon.png"; sourceTree = "<group>"; };
		87FA814023A7BEEC00D0987F /* loop-icon.png */ = {isa = PBXFileReference; lastKnownFileType = image.png; path = "loop-icon.png"; sourceTree = "<group>"; };
		87FA814823A7C7E600D0987F /* ViewController5.swift */ = {isa = PBXFileReference; lastKnownFileType = sourcecode.swift; path = ViewController5.swift; sourceTree = "<group>"; };
		87FA814A23A7C8B600D0987F /* AVKit.framework */ = {isa = PBXFileReference; lastKnownFileType = wrapper.framework; name = AVKit.framework; path = System/Library/Frameworks/AVKit.framework; sourceTree = SDKROOT; };
/* End PBXFileReference section */

/* Begin PBXFrameworksBuildPhase section */
		87290ECE23A3ADA30007AA5F /* Frameworks */ = {
			isa = PBXFrameworksBuildPhase;
			buildActionMask = 2147483647;
			files = (
				87FA814B23A7C8B600D0987F /* AVKit.framework in Frameworks */,
				87FA812F23A7B4C700D0987F /* AVFoundation.framework in Frameworks */,
			);
			runOnlyForDeploymentPostprocessing = 0;
		};
/* End PBXFrameworksBuildPhase section */

/* Begin PBXGroup section */
		87290EC823A3ADA30007AA5F = {
			isa = PBXGroup;
			children = (
				87290ED323A3ADA30007AA5F /* FileDemo */,
				87290ED223A3ADA30007AA5F /* Products */,
				87FA812D23A7B4C700D0987F /* Frameworks */,
			);
			sourceTree = "<group>";
		};
		87290ED223A3ADA30007AA5F /* Products */ = {
			isa = PBXGroup;
			children = (
				87290ED123A3ADA30007AA5F /* FileDemo.app */,
			);
			name = Products;
			sourceTree = "<group>";
		};
		87290ED323A3ADA30007AA5F /* FileDemo */ = {
			isa = PBXGroup;
			children = (
				87FA813A23A7BD0D00D0987F /* icons */,
				87FA812A23A7B47900D0987F /* FileDocument */,
				87290ED423A3ADA30007AA5F /* AppDelegate.swift */,
				87290ED623A3ADA30007AA5F /* SceneDelegate.swift */,
				87290ED823A3ADA30007AA5F /* ViewController.swift */,
				87290EDA23A3ADA30007AA5F /* Main.storyboard */,
				87290EDD23A3ADA40007AA5F /* Assets.xcassets */,
				87290EDF23A3ADA40007AA5F /* LaunchScreen.storyboard */,
				87290EE223A3ADA40007AA5F /* Info.plist */,
				87FA812823A7A4C800D0987F /* ViewController2.swift */,
				87FA813423A7B52E00D0987F /* ViewController3.swift */,
				87FA813823A7BC0B00D0987F /* ViewController4.swift */,
				87FA814823A7C7E600D0987F /* ViewController5.swift */,
			);
			path = FileDemo;
			sourceTree = "<group>";
		};
		87FA812A23A7B47900D0987F /* FileDocument */ = {
			isa = PBXGroup;
			children = (
				87FA813223A7B51600D0987F /* If_I_Had_a_Chicken.mp3 */,
				87FA813623A7B5C400D0987F /* SampleVideo_1280x720_1mb.mp4 */,
			);
			path = FileDocument;
			sourceTree = "<group>";
		};
		87FA812D23A7B4C700D0987F /* Frameworks */ = {
			isa = PBXGroup;
			children = (
				87FA814A23A7C8B600D0987F /* AVKit.framework */,
				87FA812E23A7B4C700D0987F /* AVFoundation.framework */,
			);
			name = Frameworks;
			sourceTree = "<group>";
		};
		87FA813A23A7BD0D00D0987F /* icons */ = {
			isa = PBXGroup;
			children = (
				87FA814023A7BEEC00D0987F /* loop-icon.png */,
				87FA813D23A7BEEB00D0987F /* next-icon.png */,
				87FA813E23A7BEEB00D0987F /* pause-icon.png */,
				87FA813C23A7BEEB00D0987F /* play-icon.png */,
				87FA813B23A7BEEB00D0987F /* previous-icon.png */,
				87FA813F23A7BEEB00D0987F /* stop-icon.png */,
			);
			path = icons;
			sourceTree = "<group>";
		};
/* End PBXGroup section */

/* Begin PBXNativeTarget section */
		87290ED023A3ADA30007AA5F /* FileDemo */ = {
			isa = PBXNativeTarget;
			buildConfigurationList = 87290EE523A3ADA40007AA5F /* Build configuration list for PBXNativeTarget "FileDemo" */;
			buildPhases = (
				87290ECD23A3ADA30007AA5F /* Sources */,
				87290ECE23A3ADA30007AA5F /* Frameworks */,
				87290ECF23A3ADA30007AA5F /* Resources */,
			);
			buildRules = (
			);
			dependencies = (
			);
			name = FileDemo;
			productName = FileDemo;
			productReference = 87290ED123A3ADA30007AA5F /* FileDemo.app */;
			productType = "com.apple.product-type.application";
		};
/* End PBXNativeTarget section */

/* Begin PBXProject section */
		87290EC923A3ADA30007AA5F /* Project object */ = {
			isa = PBXProject;
			attributes = {
				LastSwiftUpdateCheck = 1110;
				LastUpgradeCheck = 1110;
				ORGANIZATIONNAME = iMac_VTCA;
				TargetAttributes = {
					87290ED023A3ADA30007AA5F = {
						CreatedOnToolsVersion = 11.1;
					};
				};
			};
			buildConfigurationList = 87290ECC23A3ADA30007AA5F /* Build configuration list for PBXProject "FileDemo" */;
			compatibilityVersion = "Xcode 9.3";
			developmentRegion = en;
			hasScannedForEncodings = 0;
			knownRegions = (
				en,
				Base,
			);
			mainGroup = 87290EC823A3ADA30007AA5F;
			productRefGroup = 87290ED223A3ADA30007AA5F /* Products */;
			projectDirPath = "";
			projectRoot = "";
			targets = (
				87290ED023A3ADA30007AA5F /* FileDemo */,
			);
		};
/* End PBXProject section */

/* Begin PBXResourcesBuildPhase section */
		87290ECF23A3ADA30007AA5F /* Resources */ = {
			isa = PBXResourcesBuildPhase;
			buildActionMask = 2147483647;
			files = (
				87290EE123A3ADA40007AA5F /* LaunchScreen.storyboard in Resources */,
				87FA814423A7BEEC00D0987F /* pause-icon.png in Resources */,
				87FA814123A7BEEC00D0987F /* previous-icon.png in Resources */,
				87290EDE23A3ADA40007AA5F /* Assets.xcassets in Resources */,
				87FA814223A7BEEC00D0987F /* play-icon.png in Resources */,
				87290EDC23A3ADA30007AA5F /* Main.storyboard in Resources */,
				87FA814523A7BEEC00D0987F /* stop-icon.png in Resources */,
				87FA814323A7BEEC00D0987F /* next-icon.png in Resources */,
				87FA813323A7B51600D0987F /* If_I_Had_a_Chicken.mp3 in Resources */,
				87FA814623A7BEEC00D0987F /* loop-icon.png in Resources */,
				87FA813723A7B5C400D0987F /* SampleVideo_1280x720_1mb.mp4 in Resources */,
			);
			runOnlyForDeploymentPostprocessing = 0;
		};
/* End PBXResourcesBuildPhase section */

/* Begin PBXSourcesBuildPhase section */
		87290ECD23A3ADA30007AA5F /* Sources */ = {
			isa = PBXSourcesBuildPhase;
			buildActionMask = 2147483647;
			files = (
				87FA813523A7B52E00D0987F /* ViewController3.swift in Sources */,
				87FA813923A7BC0B00D0987F /* ViewController4.swift in Sources */,
				87290ED923A3ADA30007AA5F /* ViewController.swift in Sources */,
				87FA812923A7A4C800D0987F /* ViewController2.swift in Sources */,
				87290ED523A3ADA30007AA5F /* AppDelegate.swift in Sources */,
				87290ED723A3ADA30007AA5F /* SceneDelegate.swift in Sources */,
				87FA814923A7C7E600D0987F /* ViewController5.swift in Sources */,
			);
			runOnlyForDeploymentPostprocessing = 0;
		};
/* End PBXSourcesBuildPhase section */

/* Begin PBXVariantGroup section */
		87290EDA23A3ADA30007AA5F /* Main.storyboard */ = {
			isa = PBXVariantGroup;
			children = (
				87290EDB23A3ADA30007AA5F /* Base */,
			);
			name = Main.storyboard;
			sourceTree = "<group>";
		};
		87290EDF23A3ADA40007AA5F /* LaunchScreen.storyboard */ = {
			isa = PBXVariantGroup;
			children = (
				87290EE023A3ADA40007AA5F /* Base */,
			);
			name = LaunchScreen.storyboard;
			sourceTree = "<group>";
		};
/* End PBXVariantGroup section */

/* Begin XCBuildConfiguration section */
		87290EE323A3ADA40007AA5F /* Debug */ = {
			isa = XCBuildConfiguration;
			buildSettings = {
				ALWAYS_SEARCH_USER_PATHS = NO;
				CLANG_ANALYZER_NONNULL = YES;
				CLANG_ANALYZER_NUMBER_OBJECT_CONVERSION = YES_AGGRESSIVE;
				CLANG_CXX_LANGUAGE_STANDARD = "gnu++14";
				CLANG_CXX_LIBRARY = "libc++";
				CLANG_ENABLE_MODULES = YES;
				CLANG_ENABLE_OBJC_ARC = YES;
				CLANG_ENABLE_OBJC_WEAK = YES;
				CLANG_WARN_BLOCK_CAPTURE_AUTORELEASING = YES;
				CLANG_WARN_BOOL_CONVERSION = YES;
				CLANG_WARN_COMMA = YES;
				CLANG_WARN_CONSTANT_CONVERSION = YES;
				CLANG_WARN_DEPRECATED_OBJC_IMPLEMENTATIONS = YES;
				CLANG_WARN_DIRECT_OBJC_ISA_USAGE = YES_ERROR;
				CLANG_WARN_DOCUMENTATION_COMMENTS = YES;
				CLANG_WARN_EMPTY_BODY = YES;
				CLANG_WARN_ENUM_CONVERSION = YES;
				CLANG_WARN_INFINITE_RECURSION = YES;
				CLANG_WARN_INT_CONVERSION = YES;
				CLANG_WARN_NON_LITERAL_NULL_CONVERSION = YES;
				CLANG_WARN_OBJC_IMPLICIT_RETAIN_SELF = YES;
				CLANG_WARN_OBJC_LITERAL_CONVERSION = YES;
				CLANG_WARN_OBJC_ROOT_CLASS = YES_ERROR;
				CLANG_WARN_RANGE_LOOP_ANALYSIS = YES;
				CLANG_WARN_STRICT_PROTOTYPES = YES;
				CLANG_WARN_SUSPICIOUS_MOVE = YES;
				CLANG_WARN_UNGUARDED_AVAILABILITY = YES_AGGRESSIVE;
				CLANG_WARN_UNREACHABLE_CODE = YES;
				CLANG_WARN__DUPLICATE_METHOD_MATCH = YES;
				COPY_PHASE_STRIP = NO;
				DEBUG_INFORMATION_FORMAT = dwarf;
				ENABLE_STRICT_OBJC_MSGSEND = YES;
				ENABLE_TESTABILITY = YES;
				GCC_C_LANGUAGE_STANDARD = gnu11;
				GCC_DYNAMIC_NO_PIC = NO;
				GCC_NO_COMMON_BLOCKS = YES;
				GCC_OPTIMIZATION_LEVEL = 0;
				GCC_PREPROCESSOR_DEFINITIONS = (
					"DEBUG=1",
					"$(inherited)",
				);
				GCC_WARN_64_TO_32_BIT_CONVERSION = YES;
				GCC_WARN_ABOUT_RETURN_TYPE = YES_ERROR;
				GCC_WARN_UNDECLARED_SELECTOR = YES;
				GCC_WARN_UNINITIALIZED_AUTOS = YES_AGGRESSIVE;
				GCC_WARN_UNUSED_FUNCTION = YES;
				GCC_WARN_UNUSED_VARIABLE = YES;
				IPHONEOS_DEPLOYMENT_TARGET = 13.1;
				MTL_ENABLE_DEBUG_INFO = INCLUDE_SOURCE;
				MTL_FAST_MATH = YES;
				ONLY_ACTIVE_ARCH = YES;
				SDKROOT = iphoneos;
				SWIFT_ACTIVE_COMPILATION_CONDITIONS = DEBUG;
				SWIFT_OPTIMIZATION_LEVEL = "-Onone";
			};
			name = Debug;
		};
		87290EE423A3ADA40007AA5F /* Release */ = {
			isa = XCBuildConfiguration;
			buildSettings = {
				ALWAYS_SEARCH_USER_PATHS = NO;
				CLANG_ANALYZER_NONNULL = YES;
				CLANG_ANALYZER_NUMBER_OBJECT_CONVERSION = YES_AGGRESSIVE;
				CLANG_CXX_LANGUAGE_STANDARD = "gnu++14";
				CLANG_CXX_LIBRARY = "libc++";
				CLANG_ENABLE_MODULES = YES;
				CLANG_ENABLE_OBJC_ARC = YES;
				CLANG_ENABLE_OBJC_WEAK = YES;
				CLANG_WARN_BLOCK_CAPTURE_AUTORELEASING = YES;
				CLANG_WARN_BOOL_CONVERSION = YES;
				CLANG_WARN_COMMA = YES;
				CLANG_WARN_CONSTANT_CONVERSION = YES;
				CLANG_WARN_DEPRECATED_OBJC_IMPLEMENTATIONS = YES;
				CLANG_WARN_DIRECT_OBJC_ISA_USAGE = YES_ERROR;
				CLANG_WARN_DOCUMENTATION_COMMENTS = YES;
				CLANG_WARN_EMPTY_BODY = YES;
				CLANG_WARN_ENUM_CONVERSION = YES;
				CLANG_WARN_INFINITE_RECURSION = YES;
				CLANG_WARN_INT_CONVERSION = YES;
				CLANG_WARN_NON_LITERAL_NULL_CONVERSION = YES;
				CLANG_WARN_OBJC_IMPLICIT_RETAIN_SELF = YES;
				CLANG_WARN_OBJC_LITERAL_CONVERSION = YES;
				CLANG_WARN_OBJC_ROOT_CLASS = YES_ERROR;
				CLANG_WARN_RANGE_LOOP_ANALYSIS = YES;
				CLANG_WARN_STRICT_PROTOTYPES = YES;
				CLANG_WARN_SUSPICIOUS_MOVE = YES;
				CLANG_WARN_UNGUARDED_AVAILABILITY = YES_AGGRESSIVE;
				CLANG_WARN_UNREACHABLE_CODE = YES;
				CLANG_WARN__DUPLICATE_METHOD_MATCH = YES;
				COPY_PHASE_STRIP = NO;
				DEBUG_INFORMATION_FORMAT = "dwarf-with-dsym";
				ENABLE_NS_ASSERTIONS = NO;
				ENABLE_STRICT_OBJC_MSGSEND = YES;
				GCC_C_LANGUAGE_STANDARD = gnu11;
				GCC_NO_COMMON_BLOCKS = YES;
				GCC_WARN_64_TO_32_BIT_CONVERSION = YES;
				GCC_WARN_ABOUT_RETURN_TYPE = YES_ERROR;
				GCC_WARN_UNDECLARED_SELECTOR = YES;
				GCC_WARN_UNINITIALIZED_AUTOS = YES_AGGRESSIVE;
				GCC_WARN_UNUSED_FUNCTION = YES;
				GCC_WARN_UNUSED_VARIABLE = YES;
				IPHONEOS_DEPLOYMENT_TARGET = 13.1;
				MTL_ENABLE_DEBUG_INFO = NO;
				MTL_FAST_MATH = YES;
				SDKROOT = iphoneos;
				SWIFT_COMPILATION_MODE = wholemodule;
				SWIFT_OPTIMIZATION_LEVEL = "-O";
				VALIDATE_PRODUCT = YES;
			};
			name = Release;
		};
		87290EE623A3ADA40007AA5F /* Debug */ = {
			isa = XCBuildConfiguration;
			buildSettings = {
				ASSETCATALOG_COMPILER_APPICON_NAME = AppIcon;
				CODE_SIGN_STYLE = Automatic;
				INFOPLIST_FILE = FileDemo/Info.plist;
				LD_RUNPATH_SEARCH_PATHS = (
					"$(inherited)",
					"@executable_path/Frameworks",
				);
				PRODUCT_BUNDLE_IDENTIFIER = Nghia.FileDemo;
				PRODUCT_NAME = "$(TARGET_NAME)";
				SWIFT_VERSION = 5.0;
				TARGETED_DEVICE_FAMILY = "1,2";
			};
			name = Debug;
		};
		87290EE723A3ADA40007AA5F /* Release */ = {
			isa = XCBuildConfiguration;
			buildSettings = {
				ASSETCATALOG_COMPILER_APPICON_NAME = AppIcon;
				CODE_SIGN_STYLE = Automatic;
				INFOPLIST_FILE = FileDemo/Info.plist;
				LD_RUNPATH_SEARCH_PATHS = (
					"$(inherited)",
					"@executable_path/Frameworks",
				);
				PRODUCT_BUNDLE_IDENTIFIER = Nghia.FileDemo;
				PRODUCT_NAME = "$(TARGET_NAME)";
				SWIFT_VERSION = 5.0;
				TARGETED_DEVICE_FAMILY = "1,2";
			};
			name = Release;
		};
/* End XCBuildConfiguration section */

/* Begin XCConfigurationList section */
		87290ECC23A3ADA30007AA5F /* Build configuration list for PBXProject "FileDemo" */ = {
			isa = XCConfigurationList;
			buildConfigurations = (
				87290EE323A3ADA40007AA5F /* Debug */,
				87290EE423A3ADA40007AA5F /* Release */,
			);
			defaultConfigurationIsVisible = 0;
			defaultConfigurationName = Release;
		};
		87290EE523A3ADA40007AA5F /* Build configuration list for PBXNativeTarget "FileDemo" */ = {
			isa = XCConfigurationList;
			buildConfigurations = (
				87290EE623A3ADA40007AA5F /* Debug */,
				87290EE723A3ADA40007AA5F /* Release */,
			);
			defaultConfigurationIsVisible = 0;
			defaultConfigurationName = Release;
		};
/* End XCConfigurationList section */
	};
	rootObject = 87290EC923A3ADA30007AA5F /* Project object */;
}
